
Microsoft Visual Studio Solution File, Format Version 12.00
# Visual Studio Version 17
VisualStudioVersion = 17.5.33424.131
MinimumVisualStudioVersion = 10.0.40219.1
Project("{9A19103F-16F7-4668-BE54-9A1E7A4F7556}") = "1.TinhTong", "1.TinhTong\1.TinhTong.csproj", "{6951107E-448A-4B59-AFFE-C8BB71F780BB}"
EndProject
Project("{9A19103F-16F7-4668-BE54-9A1E7A4F7556}") = "2.TinhTich", "2.TinhTich\2.TinhTich.csproj", "{3D5F0993-A984-429A-B865-35BF0B5DC550}"
EndProject
Project("{9A19103F-16F7-4668-BE54-9A1E7A4F7556}") = "3.GiaiThua", "3.GiaiThua\3.GiaiThua.csproj", "{B4954EFE-84DE-4D64-8C44-B815F745CAF7}"
EndProject
Project("{9A19103F-16F7-4668-BE54-9A1E7A4F7556}") = "4.DangNhap", "4.DangNhap\4.DangNhap.csproj", "{BE371BD1-76F2-4654-A434-1B16A9091D0A}"
EndProject
Project("{9A19103F-16F7-4668-BE54-9A1E7A4F7556}") = "Parameterizing", "Parameterizing\Parameterizing.csproj", "{56781522-6680-413A-BDE2-B612F24CC40A}"
EndProject
Project("{9A19103F-16F7-4668-BE54-9A1E7A4F7556}") = "Parameterizing.UnitTests", "Parameterizing.UnitTests\Parameterizing.UnitTests.csproj", "{9E648AD4-028B-477B-BA3F-02D2817C38FD}"
EndProject
Project("{9A19103F-16F7-4668-BE54-9A1E7A4F7556}") = "5.TinhThuong", "5.TinhThuong\5.TinhThuong.csproj", "{F4523266-7DC0-43F1-ADD1-3A7AA31F7F4D}"
EndProject
Project("{9A19103F-16F7-4668-BE54-9A1E7A4F7556}") = "6.TrungBinhCong", "6.TrungBinhCong\6.TrungBinhCong.csproj", "{8CEA1566-B816-4B47-84EF-567EE1559132}"
EndProject
Project("{9A19103F-16F7-4668-BE54-9A1E7A4F7556}") = "6.TrungBinhCong.UnitTests", "6.TrungBinhCong.UnitTests\6.TrungBinhCong.UnitTests.csproj", "{865877AB-1139-4A1A-ACE7-669AFB53590D}"
EndProject
Project("{9A19103F-16F7-4668-BE54-9A1E7A4F7556}") = "7.Mang", "7.Mang\7.Mang.csproj", "{1EB0B754-A5D4-4824-A9D2-C6277492710B}"
EndProject
Project("{9A19103F-16F7-4668-BE54-9A1E7A4F7556}") = "7.Mang.UnitTests", "7.Mang.UnitTests\7.Mang.UnitTests.csproj", "{D297080F-7D4D-41B9-9EC2-A1FBF9EB4CEC}"
EndProject
Project("{9A19103F-16F7-4668-BE54-9A1E7A4F7556}") = "8.CRUD", "8.CRUD\8.CRUD.csproj", "{C8C59162-6CFA-4AD9-A939-CD5C76CC3D52}"
EndProject
Project("{9A19103F-16F7-4668-BE54-9A1E7A4F7556}") = "8.CRUD.UnitTests", "8.CRUD.UnitTests\8.CRUD.UnitTests.csproj", "{43AC803F-CC51-4AA5-83AD-9C8BACA64A5A}"
EndProject
Project("{9A19103F-16F7-4668-BE54-9A1E7A4F7556}") = "9.SinhVien", "9.SinhVien\9.SinhVien.csproj", "{A665CB4E-A0BE-4933-BB49-EE9CFE861BF1}"
EndProject
Project("{9A19103F-16F7-4668-BE54-9A1E7A4F7556}") = "9.SinhVien.UnitTests", "9.SinhVien.UnitTests\9.SinhVien.UnitTests.csproj", "{53DE3BA6-C69D-4C93-B322-834D64F6F888}"
EndProject
Project("{9A19103F-16F7-4668-BE54-9A1E7A4F7556}") = "10.Tich3So", "10.Tich3So\10.Tich3So.csproj", "{D65513FF-C0FB-433E-A4BE-D0343D4CF27F}"
EndProject
Project("{9A19103F-16F7-4668-BE54-9A1E7A4F7556}") = "10.Tich3So.UnitTests", "10.Tich3So.UnitTests\10.Tich3So.UnitTests.csproj", "{0291CE1F-5271-45B6-A4A8-A8BF00120CF1}"
EndProject
Project("{9A19103F-16F7-4668-BE54-9A1E7A4F7556}") = "11.Thuong3So", "11.Thuong3So\11.Thuong3So.csproj", "{E4386C65-8EA7-4BFF-BF5F-EEC51027E15F}"
EndProject
Project("{9A19103F-16F7-4668-BE54-9A1E7A4F7556}") = "11.Thuong3So.UnitTests", "11.Thuong3So.UnitTests\11.Thuong3So.UnitTests.csproj", "{FED33421-2675-4D7C-97D6-3F2B935B41E8}"
EndProject
Project("{9A19103F-16F7-4668-BE54-9A1E7A4F7556}") = "12.PracticeCRUD", "12.PracticeCRUD\12.PracticeCRUD.csproj", "{C27640D7-DB8B-43FE-885D-DF9D7AC7CDEB}"
EndProject
Project("{9A19103F-16F7-4668-BE54-9A1E7A4F7556}") = "12.PracticeCRUD.UnitTests", "12.PracticeCRUD.UnitTests\12.PracticeCRUD.UnitTests.csproj", "{D0A5D57F-8D87-474A-AF9D-DC5C10398672}"
EndProject
Project("{9A19103F-16F7-4668-BE54-9A1E7A4F7556}") = "13.PracticeCRUD_2", "13.PracticeCRUD_2\13.PracticeCRUD_2.csproj", "{EE676CF2-ED2D-4B45-8FC7-0DD05E661999}"
EndProject
Project("{9A19103F-16F7-4668-BE54-9A1E7A4F7556}") = "14.Lab4", "14.Lab4\14.Lab4.csproj", "{7CBC2FBF-C124-4C14-AC43-DE801AB59AE3}"
EndProject
Project("{9A19103F-16F7-4668-BE54-9A1E7A4F7556}") = "14.Lab4.UnitTests", "14.Lab4.UnitTests\14.Lab4.UnitTests.csproj", "{1485AC2F-AE13-4A29-8900-608BCF685AEA}"
EndProject
Project("{9A19103F-16F7-4668-BE54-9A1E7A4F7556}") = "15.BTVN_1", "15.BTVN_1\15.BTVN_1.csproj", "{BEB4F0D1-6513-4ACB-93AA-718749968691}"
EndProject
Project("{9A19103F-16F7-4668-BE54-9A1E7A4F7556}") = "15.BTVN_1.UnitTests", "15.BTVN_1.UnitTests\15.BTVN_1.UnitTests.csproj", "{8BE6DA8D-5816-4545-9B64-0D69F847EF89}"
EndProject
Project("{9A19103F-16F7-4668-BE54-9A1E7A4F7556}") = "13.PracticeCRUD_2.UnitTests", "13.PracticeCRUD_2.UnitTests\13.PracticeCRUD_2.UnitTests.csproj", "{1EEB1E3D-263D-44A2-8F57-417EBE3C6362}"
EndProject
Project("{9A19103F-16F7-4668-BE54-9A1E7A4F7556}") = "16.Lab5", "16.Lab5\16.Lab5.csproj", "{29957374-5941-4A38-A2E9-F3A9653859C4}"
EndProject
Project("{9A19103F-16F7-4668-BE54-9A1E7A4F7556}") = "16.Lab5.UnitTests", "16.Lab5.UnitTests\16.Lab5.UnitTests.csproj", "{9FE9646C-8DA3-4FB0-AB90-6A703BA1BED9}"
EndProject
Project("{9A19103F-16F7-4668-BE54-9A1E7A4F7556}") = "17.TinhTong", "17.TinhTong\17.TinhTong.csproj", "{69D1F3AC-37BD-48FC-ABC4-AA27E3D11BF5}"
EndProject
Project("{9A19103F-16F7-4668-BE54-9A1E7A4F7556}") = "17.TinhTong.UnitTests", "17.TinhTong.UnitTests\17.TinhTong.UnitTests.csproj", "{10760E3E-33E1-4C8D-A83A-32D672EBA44B}"
EndProject
Project("{9A19103F-16F7-4668-BE54-9A1E7A4F7556}") = "18.TutorB3", "18.TutorB3\18.TutorB3.csproj", "{7006A3CA-511A-44BB-8804-DCE22D83F50A}"
EndProject
Project("{9A19103F-16F7-4668-BE54-9A1E7A4F7556}") = "18.TutorB3.UnitTests", "18.TutorB3.UnitTests\18.TutorB3.UnitTests.csproj", "{95ABDE3B-AADE-459D-AD15-9173E6709439}"
EndProject
Project("{9A19103F-16F7-4668-BE54-9A1E7A4F7556}") = "19.TutorB3_2", "19.TutorB3_2\19.TutorB3_2.csproj", "{C82DB8F2-98AB-477D-8BC8-0BA9D947BA40}"
EndProject
Project("{9A19103F-16F7-4668-BE54-9A1E7A4F7556}") = "19.TutorB3_2.UnitTests", "19.TutorB3_2.UnitTests\19.TutorB3_2.UnitTests.csproj", "{B8387AA0-FDFD-4E97-8629-E2FE87DFC3C2}"
EndProject
Project("{9A19103F-16F7-4668-BE54-9A1E7A4F7556}") = "20.LuyenDe", "20.LuyenDe\20.LuyenDe.csproj", "{92A1069C-B051-4900-9E1A-65F7288B9AFE}"
EndProject
Project("{9A19103F-16F7-4668-BE54-9A1E7A4F7556}") = "20.LuyenDe.UnitTests", "20.LuyenDe.UnitTests\20.LuyenDe.UnitTests.csproj", "{164E7965-CD71-4D92-BB32-261BD79A6459}"
EndProject
Project("{FAE04EC0-301F-11D3-BF4B-00C04F79EFBC}") = "21.De_Thi_Thu_1", "21.De_Thi_Thu_1\21.De_Thi_Thu_1.csproj", "{8E99D4F0-E5C7-4F95-9D40-5BE4512B9251}"
EndProject
Project("{FAE04EC0-301F-11D3-BF4B-00C04F79EFBC}") = "21.De_Thi_Thu_1.UnitTests", "21.De_Thi_Thu_1.UnitTests\21.De_Thi_Thu_1.UnitTests.csproj", "{060E4BE2-1215-4985-9B8C-1A6195D15872}"
EndProject
Global
	GlobalSection(SolutionConfigurationPlatforms) = preSolution
		Debug|Any CPU = Debug|Any CPU
		Debug|ARM = Debug|ARM
		Debug|ARM64 = Debug|ARM64
		Debug|x64 = Debug|x64
		Debug|x86 = Debug|x86
		Release|Any CPU = Release|Any CPU
		Release|ARM = Release|ARM
		Release|ARM64 = Release|ARM64
		Release|x64 = Release|x64
		Release|x86 = Release|x86
	EndGlobalSection
	GlobalSection(ProjectConfigurationPlatforms) = postSolution
		{6951107E-448A-4B59-AFFE-C8BB71F780BB}.Debug|Any CPU.ActiveCfg = Debug|Any CPU
		{6951107E-448A-4B59-AFFE-C8BB71F780BB}.Debug|Any CPU.Build.0 = Debug|Any CPU
		{6951107E-448A-4B59-AFFE-C8BB71F780BB}.Debug|ARM.ActiveCfg = Debug|Any CPU
		{6951107E-448A-4B59-AFFE-C8BB71F780BB}.Debug|ARM.Build.0 = Debug|Any CPU
		{6951107E-448A-4B59-AFFE-C8BB71F780BB}.Debug|ARM64.ActiveCfg = Debug|Any CPU
		{6951107E-448A-4B59-AFFE-C8BB71F780BB}.Debug|ARM64.Build.0 = Debug|Any CPU
		{6951107E-448A-4B59-AFFE-C8BB71F780BB}.Debug|x64.ActiveCfg = Debug|Any CPU
		{6951107E-448A-4B59-AFFE-C8BB71F780BB}.Debug|x64.Build.0 = Debug|Any CPU
		{6951107E-448A-4B59-AFFE-C8BB71F780BB}.Debug|x86.ActiveCfg = Debug|Any CPU
		{6951107E-448A-4B59-AFFE-C8BB71F780BB}.Debug|x86.Build.0 = Debug|Any CPU
		{6951107E-448A-4B59-AFFE-C8BB71F780BB}.Release|Any CPU.ActiveCfg = Release|Any CPU
		{6951107E-448A-4B59-AFFE-C8BB71F780BB}.Release|Any CPU.Build.0 = Release|Any CPU
		{6951107E-448A-4B59-AFFE-C8BB71F780BB}.Release|ARM.ActiveCfg = Release|Any CPU
		{6951107E-448A-4B59-AFFE-C8BB71F780BB}.Release|ARM.Build.0 = Release|Any CPU
		{6951107E-448A-4B59-AFFE-C8BB71F780BB}.Release|ARM64.ActiveCfg = Release|Any CPU
		{6951107E-448A-4B59-AFFE-C8BB71F780BB}.Release|ARM64.Build.0 = Release|Any CPU
		{6951107E-448A-4B59-AFFE-C8BB71F780BB}.Release|x64.ActiveCfg = Release|Any CPU
		{6951107E-448A-4B59-AFFE-C8BB71F780BB}.Release|x64.Build.0 = Release|Any CPU
		{6951107E-448A-4B59-AFFE-C8BB71F780BB}.Release|x86.ActiveCfg = Release|Any CPU
		{6951107E-448A-4B59-AFFE-C8BB71F780BB}.Release|x86.Build.0 = Release|Any CPU
		{3D5F0993-A984-429A-B865-35BF0B5DC550}.Debug|Any CPU.ActiveCfg = Debug|Any CPU
		{3D5F0993-A984-429A-B865-35BF0B5DC550}.Debug|Any CPU.Build.0 = Debug|Any CPU
		{3D5F0993-A984-429A-B865-35BF0B5DC550}.Debug|ARM.ActiveCfg = Debug|Any CPU
		{3D5F0993-A984-429A-B865-35BF0B5DC550}.Debug|ARM.Build.0 = Debug|Any CPU
		{3D5F0993-A984-429A-B865-35BF0B5DC550}.Debug|ARM64.ActiveCfg = Debug|Any CPU
		{3D5F0993-A984-429A-B865-35BF0B5DC550}.Debug|ARM64.Build.0 = Debug|Any CPU
		{3D5F0993-A984-429A-B865-35BF0B5DC550}.Debug|x64.ActiveCfg = Debug|Any CPU
		{3D5F0993-A984-429A-B865-35BF0B5DC550}.Debug|x64.Build.0 = Debug|Any CPU
		{3D5F0993-A984-429A-B865-35BF0B5DC550}.Debug|x86.ActiveCfg = Debug|Any CPU
		{3D5F0993-A984-429A-B865-35BF0B5DC550}.Debug|x86.Build.0 = Debug|Any CPU
		{3D5F0993-A984-429A-B865-35BF0B5DC550}.Release|Any CPU.ActiveCfg = Release|Any CPU
		{3D5F0993-A984-429A-B865-35BF0B5DC550}.Release|Any CPU.Build.0 = Release|Any CPU
		{3D5F0993-A984-429A-B865-35BF0B5DC550}.Release|ARM.ActiveCfg = Release|Any CPU
		{3D5F0993-A984-429A-B865-35BF0B5DC550}.Release|ARM.Build.0 = Release|Any CPU
		{3D5F0993-A984-429A-B865-35BF0B5DC550}.Release|ARM64.ActiveCfg = Release|Any CPU
		{3D5F0993-A984-429A-B865-35BF0B5DC550}.Release|ARM64.Build.0 = Release|Any CPU
		{3D5F0993-A984-429A-B865-35BF0B5DC550}.Release|x64.ActiveCfg = Release|Any CPU
		{3D5F0993-A984-429A-B865-35BF0B5DC550}.Release|x64.Build.0 = Release|Any CPU
		{3D5F0993-A984-429A-B865-35BF0B5DC550}.Release|x86.ActiveCfg = Release|Any CPU
		{3D5F0993-A984-429A-B865-35BF0B5DC550}.Release|x86.Build.0 = Release|Any CPU
		{B4954EFE-84DE-4D64-8C44-B815F745CAF7}.Debug|Any CPU.ActiveCfg = Debug|Any CPU
		{B4954EFE-84DE-4D64-8C44-B815F745CAF7}.Debug|Any CPU.Build.0 = Debug|Any CPU
		{B4954EFE-84DE-4D64-8C44-B815F745CAF7}.Debug|ARM.ActiveCfg = Debug|Any CPU
		{B4954EFE-84DE-4D64-8C44-B815F745CAF7}.Debug|ARM.Build.0 = Debug|Any CPU
		{B4954EFE-84DE-4D64-8C44-B815F745CAF7}.Debug|ARM64.ActiveCfg = Debug|Any CPU
		{B4954EFE-84DE-4D64-8C44-B815F745CAF7}.Debug|ARM64.Build.0 = Debug|Any CPU
		{B4954EFE-84DE-4D64-8C44-B815F745CAF7}.Debug|x64.ActiveCfg = Debug|Any CPU
		{B4954EFE-84DE-4D64-8C44-B815F745CAF7}.Debug|x64.Build.0 = Debug|Any CPU
		{B4954EFE-84DE-4D64-8C44-B815F745CAF7}.Debug|x86.ActiveCfg = Debug|Any CPU
		{B4954EFE-84DE-4D64-8C44-B815F745CAF7}.Debug|x86.Build.0 = Debug|Any CPU
		{B4954EFE-84DE-4D64-8C44-B815F745CAF7}.Release|Any CPU.ActiveCfg = Release|Any CPU
		{B4954EFE-84DE-4D64-8C44-B815F745CAF7}.Release|Any CPU.Build.0 = Release|Any CPU
		{B4954EFE-84DE-4D64-8C44-B815F745CAF7}.Release|ARM.ActiveCfg = Release|Any CPU
		{B4954EFE-84DE-4D64-8C44-B815F745CAF7}.Release|ARM.Build.0 = Release|Any CPU
		{B4954EFE-84DE-4D64-8C44-B815F745CAF7}.Release|ARM64.ActiveCfg = Release|Any CPU
		{B4954EFE-84DE-4D64-8C44-B815F745CAF7}.Release|ARM64.Build.0 = Release|Any CPU
		{B4954EFE-84DE-4D64-8C44-B815F745CAF7}.Release|x64.ActiveCfg = Release|Any CPU
		{B4954EFE-84DE-4D64-8C44-B815F745CAF7}.Release|x64.Build.0 = Release|Any CPU
		{B4954EFE-84DE-4D64-8C44-B815F745CAF7}.Release|x86.ActiveCfg = Release|Any CPU
		{B4954EFE-84DE-4D64-8C44-B815F745CAF7}.Release|x86.Build.0 = Release|Any CPU
		{BE371BD1-76F2-4654-A434-1B16A9091D0A}.Debug|Any CPU.ActiveCfg = Debug|Any CPU
		{BE371BD1-76F2-4654-A434-1B16A9091D0A}.Debug|Any CPU.Build.0 = Debug|Any CPU
		{BE371BD1-76F2-4654-A434-1B16A9091D0A}.Debug|ARM.ActiveCfg = Debug|Any CPU
		{BE371BD1-76F2-4654-A434-1B16A9091D0A}.Debug|ARM.Build.0 = Debug|Any CPU
		{BE371BD1-76F2-4654-A434-1B16A9091D0A}.Debug|ARM64.ActiveCfg = Debug|Any CPU
		{BE371BD1-76F2-4654-A434-1B16A9091D0A}.Debug|ARM64.Build.0 = Debug|Any CPU
		{BE371BD1-76F2-4654-A434-1B16A9091D0A}.Debug|x64.ActiveCfg = Debug|Any CPU
		{BE371BD1-76F2-4654-A434-1B16A9091D0A}.Debug|x64.Build.0 = Debug|Any CPU
		{BE371BD1-76F2-4654-A434-1B16A9091D0A}.Debug|x86.ActiveCfg = Debug|Any CPU
		{BE371BD1-76F2-4654-A434-1B16A9091D0A}.Debug|x86.Build.0 = Debug|Any CPU
		{BE371BD1-76F2-4654-A434-1B16A9091D0A}.Release|Any CPU.ActiveCfg = Release|Any CPU
		{BE371BD1-76F2-4654-A434-1B16A9091D0A}.Release|Any CPU.Build.0 = Release|Any CPU
		{BE371BD1-76F2-4654-A434-1B16A9091D0A}.Release|ARM.ActiveCfg = Release|Any CPU
		{BE371BD1-76F2-4654-A434-1B16A9091D0A}.Release|ARM.Build.0 = Release|Any CPU
		{BE371BD1-76F2-4654-A434-1B16A9091D0A}.Release|ARM64.ActiveCfg = Release|Any CPU
		{BE371BD1-76F2-4654-A434-1B16A9091D0A}.Release|ARM64.Build.0 = Release|Any CPU
		{BE371BD1-76F2-4654-A434-1B16A9091D0A}.Release|x64.ActiveCfg = Release|Any CPU
		{BE371BD1-76F2-4654-A434-1B16A9091D0A}.Release|x64.Build.0 = Release|Any CPU
		{BE371BD1-76F2-4654-A434-1B16A9091D0A}.Release|x86.ActiveCfg = Release|Any CPU
		{BE371BD1-76F2-4654-A434-1B16A9091D0A}.Release|x86.Build.0 = Release|Any CPU
		{56781522-6680-413A-BDE2-B612F24CC40A}.Debug|Any CPU.ActiveCfg = Debug|Any CPU
		{56781522-6680-413A-BDE2-B612F24CC40A}.Debug|Any CPU.Build.0 = Debug|Any CPU
		{56781522-6680-413A-BDE2-B612F24CC40A}.Debug|ARM.ActiveCfg = Debug|Any CPU
		{56781522-6680-413A-BDE2-B612F24CC40A}.Debug|ARM.Build.0 = Debug|Any CPU
		{56781522-6680-413A-BDE2-B612F24CC40A}.Debug|ARM64.ActiveCfg = Debug|Any CPU
		{56781522-6680-413A-BDE2-B612F24CC40A}.Debug|ARM64.Build.0 = Debug|Any CPU
		{56781522-6680-413A-BDE2-B612F24CC40A}.Debug|x64.ActiveCfg = Debug|Any CPU
		{56781522-6680-413A-BDE2-B612F24CC40A}.Debug|x64.Build.0 = Debug|Any CPU
		{56781522-6680-413A-BDE2-B612F24CC40A}.Debug|x86.ActiveCfg = Debug|Any CPU
		{56781522-6680-413A-BDE2-B612F24CC40A}.Debug|x86.Build.0 = Debug|Any CPU
		{56781522-6680-413A-BDE2-B612F24CC40A}.Release|Any CPU.ActiveCfg = Release|Any CPU
		{56781522-6680-413A-BDE2-B612F24CC40A}.Release|Any CPU.Build.0 = Release|Any CPU
		{56781522-6680-413A-BDE2-B612F24CC40A}.Release|ARM.ActiveCfg = Release|Any CPU
		{56781522-6680-413A-BDE2-B612F24CC40A}.Release|ARM.Build.0 = Release|Any CPU
		{56781522-6680-413A-BDE2-B612F24CC40A}.Release|ARM64.ActiveCfg = Release|Any CPU
		{56781522-6680-413A-BDE2-B612F24CC40A}.Release|ARM64.Build.0 = Release|Any CPU
		{56781522-6680-413A-BDE2-B612F24CC40A}.Release|x64.ActiveCfg = Release|Any CPU
		{56781522-6680-413A-BDE2-B612F24CC40A}.Release|x64.Build.0 = Release|Any CPU
		{56781522-6680-413A-BDE2-B612F24CC40A}.Release|x86.ActiveCfg = Release|Any CPU
		{56781522-6680-413A-BDE2-B612F24CC40A}.Release|x86.Build.0 = Release|Any CPU
		{9E648AD4-028B-477B-BA3F-02D2817C38FD}.Debug|Any CPU.ActiveCfg = Debug|Any CPU
		{9E648AD4-028B-477B-BA3F-02D2817C38FD}.Debug|Any CPU.Build.0 = Debug|Any CPU
		{9E648AD4-028B-477B-BA3F-02D2817C38FD}.Debug|ARM.ActiveCfg = Debug|Any CPU
		{9E648AD4-028B-477B-BA3F-02D2817C38FD}.Debug|ARM.Build.0 = Debug|Any CPU
		{9E648AD4-028B-477B-BA3F-02D2817C38FD}.Debug|ARM64.ActiveCfg = Debug|Any CPU
		{9E648AD4-028B-477B-BA3F-02D2817C38FD}.Debug|ARM64.Build.0 = Debug|Any CPU
		{9E648AD4-028B-477B-BA3F-02D2817C38FD}.Debug|x64.ActiveCfg = Debug|Any CPU
		{9E648AD4-028B-477B-BA3F-02D2817C38FD}.Debug|x64.Build.0 = Debug|Any CPU
		{9E648AD4-028B-477B-BA3F-02D2817C38FD}.Debug|x86.ActiveCfg = Debug|Any CPU
		{9E648AD4-028B-477B-BA3F-02D2817C38FD}.Debug|x86.Build.0 = Debug|Any CPU
		{9E648AD4-028B-477B-BA3F-02D2817C38FD}.Release|Any CPU.ActiveCfg = Release|Any CPU
		{9E648AD4-028B-477B-BA3F-02D2817C38FD}.Release|Any CPU.Build.0 = Release|Any CPU
		{9E648AD4-028B-477B-BA3F-02D2817C38FD}.Release|ARM.ActiveCfg = Release|Any CPU
		{9E648AD4-028B-477B-BA3F-02D2817C38FD}.Release|ARM.Build.0 = Release|Any CPU
		{9E648AD4-028B-477B-BA3F-02D2817C38FD}.Release|ARM64.ActiveCfg = Release|Any CPU
		{9E648AD4-028B-477B-BA3F-02D2817C38FD}.Release|ARM64.Build.0 = Release|Any CPU
		{9E648AD4-028B-477B-BA3F-02D2817C38FD}.Release|x64.ActiveCfg = Release|Any CPU
		{9E648AD4-028B-477B-BA3F-02D2817C38FD}.Release|x64.Build.0 = Release|Any CPU
		{9E648AD4-028B-477B-BA3F-02D2817C38FD}.Release|x86.ActiveCfg = Release|Any CPU
		{9E648AD4-028B-477B-BA3F-02D2817C38FD}.Release|x86.Build.0 = Release|Any CPU
		{F4523266-7DC0-43F1-ADD1-3A7AA31F7F4D}.Debug|Any CPU.ActiveCfg = Debug|Any CPU
		{F4523266-7DC0-43F1-ADD1-3A7AA31F7F4D}.Debug|Any CPU.Build.0 = Debug|Any CPU
		{F4523266-7DC0-43F1-ADD1-3A7AA31F7F4D}.Debug|ARM.ActiveCfg = Debug|Any CPU
		{F4523266-7DC0-43F1-ADD1-3A7AA31F7F4D}.Debug|ARM.Build.0 = Debug|Any CPU
		{F4523266-7DC0-43F1-ADD1-3A7AA31F7F4D}.Debug|ARM64.ActiveCfg = Debug|Any CPU
		{F4523266-7DC0-43F1-ADD1-3A7AA31F7F4D}.Debug|ARM64.Build.0 = Debug|Any CPU
		{F4523266-7DC0-43F1-ADD1-3A7AA31F7F4D}.Debug|x64.ActiveCfg = Debug|Any CPU
		{F4523266-7DC0-43F1-ADD1-3A7AA31F7F4D}.Debug|x64.Build.0 = Debug|Any CPU
		{F4523266-7DC0-43F1-ADD1-3A7AA31F7F4D}.Debug|x86.ActiveCfg = Debug|Any CPU
		{F4523266-7DC0-43F1-ADD1-3A7AA31F7F4D}.Debug|x86.Build.0 = Debug|Any CPU
		{F4523266-7DC0-43F1-ADD1-3A7AA31F7F4D}.Release|Any CPU.ActiveCfg = Release|Any CPU
		{F4523266-7DC0-43F1-ADD1-3A7AA31F7F4D}.Release|Any CPU.Build.0 = Release|Any CPU
		{F4523266-7DC0-43F1-ADD1-3A7AA31F7F4D}.Release|ARM.ActiveCfg = Release|Any CPU
		{F4523266-7DC0-43F1-ADD1-3A7AA31F7F4D}.Release|ARM.Build.0 = Release|Any CPU
		{F4523266-7DC0-43F1-ADD1-3A7AA31F7F4D}.Release|ARM64.ActiveCfg = Release|Any CPU
		{F4523266-7DC0-43F1-ADD1-3A7AA31F7F4D}.Release|ARM64.Build.0 = Release|Any CPU
		{F4523266-7DC0-43F1-ADD1-3A7AA31F7F4D}.Release|x64.ActiveCfg = Release|Any CPU
		{F4523266-7DC0-43F1-ADD1-3A7AA31F7F4D}.Release|x64.Build.0 = Release|Any CPU
		{F4523266-7DC0-43F1-ADD1-3A7AA31F7F4D}.Release|x86.ActiveCfg = Release|Any CPU
		{F4523266-7DC0-43F1-ADD1-3A7AA31F7F4D}.Release|x86.Build.0 = Release|Any CPU
		{8CEA1566-B816-4B47-84EF-567EE1559132}.Debug|Any CPU.ActiveCfg = Debug|Any CPU
		{8CEA1566-B816-4B47-84EF-567EE1559132}.Debug|Any CPU.Build.0 = Debug|Any CPU
		{8CEA1566-B816-4B47-84EF-567EE1559132}.Debug|ARM.ActiveCfg = Debug|Any CPU
		{8CEA1566-B816-4B47-84EF-567EE1559132}.Debug|ARM.Build.0 = Debug|Any CPU
		{8CEA1566-B816-4B47-84EF-567EE1559132}.Debug|ARM64.ActiveCfg = Debug|Any CPU
		{8CEA1566-B816-4B47-84EF-567EE1559132}.Debug|ARM64.Build.0 = Debug|Any CPU
		{8CEA1566-B816-4B47-84EF-567EE1559132}.Debug|x64.ActiveCfg = Debug|Any CPU
		{8CEA1566-B816-4B47-84EF-567EE1559132}.Debug|x64.Build.0 = Debug|Any CPU
		{8CEA1566-B816-4B47-84EF-567EE1559132}.Debug|x86.ActiveCfg = Debug|Any CPU
		{8CEA1566-B816-4B47-84EF-567EE1559132}.Debug|x86.Build.0 = Debug|Any CPU
		{8CEA1566-B816-4B47-84EF-567EE1559132}.Release|Any CPU.ActiveCfg = Release|Any CPU
		{8CEA1566-B816-4B47-84EF-567EE1559132}.Release|Any CPU.Build.0 = Release|Any CPU
		{8CEA1566-B816-4B47-84EF-567EE1559132}.Release|ARM.ActiveCfg = Release|Any CPU
		{8CEA1566-B816-4B47-84EF-567EE1559132}.Release|ARM.Build.0 = Release|Any CPU
		{8CEA1566-B816-4B47-84EF-567EE1559132}.Release|ARM64.ActiveCfg = Release|Any CPU
		{8CEA1566-B816-4B47-84EF-567EE1559132}.Release|ARM64.Build.0 = Release|Any CPU
		{8CEA1566-B816-4B47-84EF-567EE1559132}.Release|x64.ActiveCfg = Release|Any CPU
		{8CEA1566-B816-4B47-84EF-567EE1559132}.Release|x64.Build.0 = Release|Any CPU
		{8CEA1566-B816-4B47-84EF-567EE1559132}.Release|x86.ActiveCfg = Release|Any CPU
		{8CEA1566-B816-4B47-84EF-567EE1559132}.Release|x86.Build.0 = Release|Any CPU
		{865877AB-1139-4A1A-ACE7-669AFB53590D}.Debug|Any CPU.ActiveCfg = Debug|Any CPU
		{865877AB-1139-4A1A-ACE7-669AFB53590D}.Debug|Any CPU.Build.0 = Debug|Any CPU
		{865877AB-1139-4A1A-ACE7-669AFB53590D}.Debug|ARM.ActiveCfg = Debug|Any CPU
		{865877AB-1139-4A1A-ACE7-669AFB53590D}.Debug|ARM.Build.0 = Debug|Any CPU
		{865877AB-1139-4A1A-ACE7-669AFB53590D}.Debug|ARM64.ActiveCfg = Debug|Any CPU
		{865877AB-1139-4A1A-ACE7-669AFB53590D}.Debug|ARM64.Build.0 = Debug|Any CPU
		{865877AB-1139-4A1A-ACE7-669AFB53590D}.Debug|x64.ActiveCfg = Debug|Any CPU
		{865877AB-1139-4A1A-ACE7-669AFB53590D}.Debug|x64.Build.0 = Debug|Any CPU
		{865877AB-1139-4A1A-ACE7-669AFB53590D}.Debug|x86.ActiveCfg = Debug|Any CPU
		{865877AB-1139-4A1A-ACE7-669AFB53590D}.Debug|x86.Build.0 = Debug|Any CPU
		{865877AB-1139-4A1A-ACE7-669AFB53590D}.Release|Any CPU.ActiveCfg = Release|Any CPU
		{865877AB-1139-4A1A-ACE7-669AFB53590D}.Release|Any CPU.Build.0 = Release|Any CPU
		{865877AB-1139-4A1A-ACE7-669AFB53590D}.Release|ARM.ActiveCfg = Release|Any CPU
		{865877AB-1139-4A1A-ACE7-669AFB53590D}.Release|ARM.Build.0 = Release|Any CPU
		{865877AB-1139-4A1A-ACE7-669AFB53590D}.Release|ARM64.ActiveCfg = Release|Any CPU
		{865877AB-1139-4A1A-ACE7-669AFB53590D}.Release|ARM64.Build.0 = Release|Any CPU
		{865877AB-1139-4A1A-ACE7-669AFB53590D}.Release|x64.ActiveCfg = Release|Any CPU
		{865877AB-1139-4A1A-ACE7-669AFB53590D}.Release|x64.Build.0 = Release|Any CPU
		{865877AB-1139-4A1A-ACE7-669AFB53590D}.Release|x86.ActiveCfg = Release|Any CPU
		{865877AB-1139-4A1A-ACE7-669AFB53590D}.Release|x86.Build.0 = Release|Any CPU
		{1EB0B754-A5D4-4824-A9D2-C6277492710B}.Debug|Any CPU.ActiveCfg = Debug|Any CPU
		{1EB0B754-A5D4-4824-A9D2-C6277492710B}.Debug|Any CPU.Build.0 = Debug|Any CPU
		{1EB0B754-A5D4-4824-A9D2-C6277492710B}.Debug|ARM.ActiveCfg = Debug|Any CPU
		{1EB0B754-A5D4-4824-A9D2-C6277492710B}.Debug|ARM.Build.0 = Debug|Any CPU
		{1EB0B754-A5D4-4824-A9D2-C6277492710B}.Debug|ARM64.ActiveCfg = Debug|Any CPU
		{1EB0B754-A5D4-4824-A9D2-C6277492710B}.Debug|ARM64.Build.0 = Debug|Any CPU
		{1EB0B754-A5D4-4824-A9D2-C6277492710B}.Debug|x64.ActiveCfg = Debug|Any CPU
		{1EB0B754-A5D4-4824-A9D2-C6277492710B}.Debug|x64.Build.0 = Debug|Any CPU
		{1EB0B754-A5D4-4824-A9D2-C6277492710B}.Debug|x86.ActiveCfg = Debug|Any CPU
		{1EB0B754-A5D4-4824-A9D2-C6277492710B}.Debug|x86.Build.0 = Debug|Any CPU
		{1EB0B754-A5D4-4824-A9D2-C6277492710B}.Release|Any CPU.ActiveCfg = Release|Any CPU
		{1EB0B754-A5D4-4824-A9D2-C6277492710B}.Release|Any CPU.Build.0 = Release|Any CPU
		{1EB0B754-A5D4-4824-A9D2-C6277492710B}.Release|ARM.ActiveCfg = Release|Any CPU
		{1EB0B754-A5D4-4824-A9D2-C6277492710B}.Release|ARM.Build.0 = Release|Any CPU
		{1EB0B754-A5D4-4824-A9D2-C6277492710B}.Release|ARM64.ActiveCfg = Release|Any CPU
		{1EB0B754-A5D4-4824-A9D2-C6277492710B}.Release|ARM64.Build.0 = Release|Any CPU
		{1EB0B754-A5D4-4824-A9D2-C6277492710B}.Release|x64.ActiveCfg = Release|Any CPU
		{1EB0B754-A5D4-4824-A9D2-C6277492710B}.Release|x64.Build.0 = Release|Any CPU
		{1EB0B754-A5D4-4824-A9D2-C6277492710B}.Release|x86.ActiveCfg = Release|Any CPU
		{1EB0B754-A5D4-4824-A9D2-C6277492710B}.Release|x86.Build.0 = Release|Any CPU
		{D297080F-7D4D-41B9-9EC2-A1FBF9EB4CEC}.Debug|Any CPU.ActiveCfg = Debug|Any CPU
		{D297080F-7D4D-41B9-9EC2-A1FBF9EB4CEC}.Debug|Any CPU.Build.0 = Debug|Any CPU
		{D297080F-7D4D-41B9-9EC2-A1FBF9EB4CEC}.Debug|ARM.ActiveCfg = Debug|Any CPU
		{D297080F-7D4D-41B9-9EC2-A1FBF9EB4CEC}.Debug|ARM.Build.0 = Debug|Any CPU
		{D297080F-7D4D-41B9-9EC2-A1FBF9EB4CEC}.Debug|ARM64.ActiveCfg = Debug|Any CPU
		{D297080F-7D4D-41B9-9EC2-A1FBF9EB4CEC}.Debug|ARM64.Build.0 = Debug|Any CPU
		{D297080F-7D4D-41B9-9EC2-A1FBF9EB4CEC}.Debug|x64.ActiveCfg = Debug|Any CPU
		{D297080F-7D4D-41B9-9EC2-A1FBF9EB4CEC}.Debug|x64.Build.0 = Debug|Any CPU
		{D297080F-7D4D-41B9-9EC2-A1FBF9EB4CEC}.Debug|x86.ActiveCfg = Debug|Any CPU
		{D297080F-7D4D-41B9-9EC2-A1FBF9EB4CEC}.Debug|x86.Build.0 = Debug|Any CPU
		{D297080F-7D4D-41B9-9EC2-A1FBF9EB4CEC}.Release|Any CPU.ActiveCfg = Release|Any CPU
		{D297080F-7D4D-41B9-9EC2-A1FBF9EB4CEC}.Release|Any CPU.Build.0 = Release|Any CPU
		{D297080F-7D4D-41B9-9EC2-A1FBF9EB4CEC}.Release|ARM.ActiveCfg = Release|Any CPU
		{D297080F-7D4D-41B9-9EC2-A1FBF9EB4CEC}.Release|ARM.Build.0 = Release|Any CPU
		{D297080F-7D4D-41B9-9EC2-A1FBF9EB4CEC}.Release|ARM64.ActiveCfg = Release|Any CPU
		{D297080F-7D4D-41B9-9EC2-A1FBF9EB4CEC}.Release|ARM64.Build.0 = Release|Any CPU
		{D297080F-7D4D-41B9-9EC2-A1FBF9EB4CEC}.Release|x64.ActiveCfg = Release|Any CPU
		{D297080F-7D4D-41B9-9EC2-A1FBF9EB4CEC}.Release|x64.Build.0 = Release|Any CPU
		{D297080F-7D4D-41B9-9EC2-A1FBF9EB4CEC}.Release|x86.ActiveCfg = Release|Any CPU
		{D297080F-7D4D-41B9-9EC2-A1FBF9EB4CEC}.Release|x86.Build.0 = Release|Any CPU
		{C8C59162-6CFA-4AD9-A939-CD5C76CC3D52}.Debug|Any CPU.ActiveCfg = Debug|Any CPU
		{C8C59162-6CFA-4AD9-A939-CD5C76CC3D52}.Debug|Any CPU.Build.0 = Debug|Any CPU
		{C8C59162-6CFA-4AD9-A939-CD5C76CC3D52}.Debug|ARM.ActiveCfg = Debug|Any CPU
		{C8C59162-6CFA-4AD9-A939-CD5C76CC3D52}.Debug|ARM.Build.0 = Debug|Any CPU
		{C8C59162-6CFA-4AD9-A939-CD5C76CC3D52}.Debug|ARM64.ActiveCfg = Debug|Any CPU
		{C8C59162-6CFA-4AD9-A939-CD5C76CC3D52}.Debug|ARM64.Build.0 = Debug|Any CPU
		{C8C59162-6CFA-4AD9-A939-CD5C76CC3D52}.Debug|x64.ActiveCfg = Debug|Any CPU
		{C8C59162-6CFA-4AD9-A939-CD5C76CC3D52}.Debug|x64.Build.0 = Debug|Any CPU
		{C8C59162-6CFA-4AD9-A939-CD5C76CC3D52}.Debug|x86.ActiveCfg = Debug|Any CPU
		{C8C59162-6CFA-4AD9-A939-CD5C76CC3D52}.Debug|x86.Build.0 = Debug|Any CPU
		{C8C59162-6CFA-4AD9-A939-CD5C76CC3D52}.Release|Any CPU.ActiveCfg = Release|Any CPU
		{C8C59162-6CFA-4AD9-A939-CD5C76CC3D52}.Release|Any CPU.Build.0 = Release|Any CPU
		{C8C59162-6CFA-4AD9-A939-CD5C76CC3D52}.Release|ARM.ActiveCfg = Release|Any CPU
		{C8C59162-6CFA-4AD9-A939-CD5C76CC3D52}.Release|ARM.Build.0 = Release|Any CPU
		{C8C59162-6CFA-4AD9-A939-CD5C76CC3D52}.Release|ARM64.ActiveCfg = Release|Any CPU
		{C8C59162-6CFA-4AD9-A939-CD5C76CC3D52}.Release|ARM64.Build.0 = Release|Any CPU
		{C8C59162-6CFA-4AD9-A939-CD5C76CC3D52}.Release|x64.ActiveCfg = Release|Any CPU
		{C8C59162-6CFA-4AD9-A939-CD5C76CC3D52}.Release|x64.Build.0 = Release|Any CPU
		{C8C59162-6CFA-4AD9-A939-CD5C76CC3D52}.Release|x86.ActiveCfg = Release|Any CPU
		{C8C59162-6CFA-4AD9-A939-CD5C76CC3D52}.Release|x86.Build.0 = Release|Any CPU
		{43AC803F-CC51-4AA5-83AD-9C8BACA64A5A}.Debug|Any CPU.ActiveCfg = Debug|Any CPU
		{43AC803F-CC51-4AA5-83AD-9C8BACA64A5A}.Debug|Any CPU.Build.0 = Debug|Any CPU
		{43AC803F-CC51-4AA5-83AD-9C8BACA64A5A}.Debug|ARM.ActiveCfg = Debug|Any CPU
		{43AC803F-CC51-4AA5-83AD-9C8BACA64A5A}.Debug|ARM.Build.0 = Debug|Any CPU
		{43AC803F-CC51-4AA5-83AD-9C8BACA64A5A}.Debug|ARM64.ActiveCfg = Debug|Any CPU
		{43AC803F-CC51-4AA5-83AD-9C8BACA64A5A}.Debug|ARM64.Build.0 = Debug|Any CPU
		{43AC803F-CC51-4AA5-83AD-9C8BACA64A5A}.Debug|x64.ActiveCfg = Debug|Any CPU
		{43AC803F-CC51-4AA5-83AD-9C8BACA64A5A}.Debug|x64.Build.0 = Debug|Any CPU
		{43AC803F-CC51-4AA5-83AD-9C8BACA64A5A}.Debug|x86.ActiveCfg = Debug|Any CPU
		{43AC803F-CC51-4AA5-83AD-9C8BACA64A5A}.Debug|x86.Build.0 = Debug|Any CPU
		{43AC803F-CC51-4AA5-83AD-9C8BACA64A5A}.Release|Any CPU.ActiveCfg = Release|Any CPU
		{43AC803F-CC51-4AA5-83AD-9C8BACA64A5A}.Release|Any CPU.Build.0 = Release|Any CPU
		{43AC803F-CC51-4AA5-83AD-9C8BACA64A5A}.Release|ARM.ActiveCfg = Release|Any CPU
		{43AC803F-CC51-4AA5-83AD-9C8BACA64A5A}.Release|ARM.Build.0 = Release|Any CPU
		{43AC803F-CC51-4AA5-83AD-9C8BACA64A5A}.Release|ARM64.ActiveCfg = Release|Any CPU
		{43AC803F-CC51-4AA5-83AD-9C8BACA64A5A}.Release|ARM64.Build.0 = Release|Any CPU
		{43AC803F-CC51-4AA5-83AD-9C8BACA64A5A}.Release|x64.ActiveCfg = Release|Any CPU
		{43AC803F-CC51-4AA5-83AD-9C8BACA64A5A}.Release|x64.Build.0 = Release|Any CPU
		{43AC803F-CC51-4AA5-83AD-9C8BACA64A5A}.Release|x86.ActiveCfg = Release|Any CPU
		{43AC803F-CC51-4AA5-83AD-9C8BACA64A5A}.Release|x86.Build.0 = Release|Any CPU
		{A665CB4E-A0BE-4933-BB49-EE9CFE861BF1}.Debug|Any CPU.ActiveCfg = Debug|Any CPU
		{A665CB4E-A0BE-4933-BB49-EE9CFE861BF1}.Debug|Any CPU.Build.0 = Debug|Any CPU
		{A665CB4E-A0BE-4933-BB49-EE9CFE861BF1}.Debug|ARM.ActiveCfg = Debug|Any CPU
		{A665CB4E-A0BE-4933-BB49-EE9CFE861BF1}.Debug|ARM.Build.0 = Debug|Any CPU
		{A665CB4E-A0BE-4933-BB49-EE9CFE861BF1}.Debug|ARM64.ActiveCfg = Debug|Any CPU
		{A665CB4E-A0BE-4933-BB49-EE9CFE861BF1}.Debug|ARM64.Build.0 = Debug|Any CPU
		{A665CB4E-A0BE-4933-BB49-EE9CFE861BF1}.Debug|x64.ActiveCfg = Debug|Any CPU
		{A665CB4E-A0BE-4933-BB49-EE9CFE861BF1}.Debug|x64.Build.0 = Debug|Any CPU
		{A665CB4E-A0BE-4933-BB49-EE9CFE861BF1}.Debug|x86.ActiveCfg = Debug|Any CPU
		{A665CB4E-A0BE-4933-BB49-EE9CFE861BF1}.Debug|x86.Build.0 = Debug|Any CPU
		{A665CB4E-A0BE-4933-BB49-EE9CFE861BF1}.Release|Any CPU.ActiveCfg = Release|Any CPU
		{A665CB4E-A0BE-4933-BB49-EE9CFE861BF1}.Release|Any CPU.Build.0 = Release|Any CPU
		{A665CB4E-A0BE-4933-BB49-EE9CFE861BF1}.Release|ARM.ActiveCfg = Release|Any CPU
		{A665CB4E-A0BE-4933-BB49-EE9CFE861BF1}.Release|ARM.Build.0 = Release|Any CPU
		{A665CB4E-A0BE-4933-BB49-EE9CFE861BF1}.Release|ARM64.ActiveCfg = Release|Any CPU
		{A665CB4E-A0BE-4933-BB49-EE9CFE861BF1}.Release|ARM64.Build.0 = Release|Any CPU
		{A665CB4E-A0BE-4933-BB49-EE9CFE861BF1}.Release|x64.ActiveCfg = Release|Any CPU
		{A665CB4E-A0BE-4933-BB49-EE9CFE861BF1}.Release|x64.Build.0 = Release|Any CPU
		{A665CB4E-A0BE-4933-BB49-EE9CFE861BF1}.Release|x86.ActiveCfg = Release|Any CPU
		{A665CB4E-A0BE-4933-BB49-EE9CFE861BF1}.Release|x86.Build.0 = Release|Any CPU
		{53DE3BA6-C69D-4C93-B322-834D64F6F888}.Debug|Any CPU.ActiveCfg = Debug|Any CPU
		{53DE3BA6-C69D-4C93-B322-834D64F6F888}.Debug|Any CPU.Build.0 = Debug|Any CPU
		{53DE3BA6-C69D-4C93-B322-834D64F6F888}.Debug|ARM.ActiveCfg = Debug|Any CPU
		{53DE3BA6-C69D-4C93-B322-834D64F6F888}.Debug|ARM.Build.0 = Debug|Any CPU
		{53DE3BA6-C69D-4C93-B322-834D64F6F888}.Debug|ARM64.ActiveCfg = Debug|Any CPU
		{53DE3BA6-C69D-4C93-B322-834D64F6F888}.Debug|ARM64.Build.0 = Debug|Any CPU
		{53DE3BA6-C69D-4C93-B322-834D64F6F888}.Debug|x64.ActiveCfg = Debug|Any CPU
		{53DE3BA6-C69D-4C93-B322-834D64F6F888}.Debug|x64.Build.0 = Debug|Any CPU
		{53DE3BA6-C69D-4C93-B322-834D64F6F888}.Debug|x86.ActiveCfg = Debug|Any CPU
		{53DE3BA6-C69D-4C93-B322-834D64F6F888}.Debug|x86.Build.0 = Debug|Any CPU
		{53DE3BA6-C69D-4C93-B322-834D64F6F888}.Release|Any CPU.ActiveCfg = Release|Any CPU
		{53DE3BA6-C69D-4C93-B322-834D64F6F888}.Release|Any CPU.Build.0 = Release|Any CPU
		{53DE3BA6-C69D-4C93-B322-834D64F6F888}.Release|ARM.ActiveCfg = Release|Any CPU
		{53DE3BA6-C69D-4C93-B322-834D64F6F888}.Release|ARM.Build.0 = Release|Any CPU
		{53DE3BA6-C69D-4C93-B322-834D64F6F888}.Release|ARM64.ActiveCfg = Release|Any CPU
		{53DE3BA6-C69D-4C93-B322-834D64F6F888}.Release|ARM64.Build.0 = Release|Any CPU
		{53DE3BA6-C69D-4C93-B322-834D64F6F888}.Release|x64.ActiveCfg = Release|Any CPU
		{53DE3BA6-C69D-4C93-B322-834D64F6F888}.Release|x64.Build.0 = Release|Any CPU
		{53DE3BA6-C69D-4C93-B322-834D64F6F888}.Release|x86.ActiveCfg = Release|Any CPU
		{53DE3BA6-C69D-4C93-B322-834D64F6F888}.Release|x86.Build.0 = Release|Any CPU
		{D65513FF-C0FB-433E-A4BE-D0343D4CF27F}.Debug|Any CPU.ActiveCfg = Debug|Any CPU
		{D65513FF-C0FB-433E-A4BE-D0343D4CF27F}.Debug|Any CPU.Build.0 = Debug|Any CPU
		{D65513FF-C0FB-433E-A4BE-D0343D4CF27F}.Debug|ARM.ActiveCfg = Debug|Any CPU
		{D65513FF-C0FB-433E-A4BE-D0343D4CF27F}.Debug|ARM.Build.0 = Debug|Any CPU
		{D65513FF-C0FB-433E-A4BE-D0343D4CF27F}.Debug|ARM64.ActiveCfg = Debug|Any CPU
		{D65513FF-C0FB-433E-A4BE-D0343D4CF27F}.Debug|ARM64.Build.0 = Debug|Any CPU
		{D65513FF-C0FB-433E-A4BE-D0343D4CF27F}.Debug|x64.ActiveCfg = Debug|Any CPU
		{D65513FF-C0FB-433E-A4BE-D0343D4CF27F}.Debug|x64.Build.0 = Debug|Any CPU
		{D65513FF-C0FB-433E-A4BE-D0343D4CF27F}.Debug|x86.ActiveCfg = Debug|Any CPU
		{D65513FF-C0FB-433E-A4BE-D0343D4CF27F}.Debug|x86.Build.0 = Debug|Any CPU
		{D65513FF-C0FB-433E-A4BE-D0343D4CF27F}.Release|Any CPU.ActiveCfg = Release|Any CPU
		{D65513FF-C0FB-433E-A4BE-D0343D4CF27F}.Release|Any CPU.Build.0 = Release|Any CPU
		{D65513FF-C0FB-433E-A4BE-D0343D4CF27F}.Release|ARM.ActiveCfg = Release|Any CPU
		{D65513FF-C0FB-433E-A4BE-D0343D4CF27F}.Release|ARM.Build.0 = Release|Any CPU
		{D65513FF-C0FB-433E-A4BE-D0343D4CF27F}.Release|ARM64.ActiveCfg = Release|Any CPU
		{D65513FF-C0FB-433E-A4BE-D0343D4CF27F}.Release|ARM64.Build.0 = Release|Any CPU
		{D65513FF-C0FB-433E-A4BE-D0343D4CF27F}.Release|x64.ActiveCfg = Release|Any CPU
		{D65513FF-C0FB-433E-A4BE-D0343D4CF27F}.Release|x64.Build.0 = Release|Any CPU
		{D65513FF-C0FB-433E-A4BE-D0343D4CF27F}.Release|x86.ActiveCfg = Release|Any CPU
		{D65513FF-C0FB-433E-A4BE-D0343D4CF27F}.Release|x86.Build.0 = Release|Any CPU
		{0291CE1F-5271-45B6-A4A8-A8BF00120CF1}.Debug|Any CPU.ActiveCfg = Debug|Any CPU
		{0291CE1F-5271-45B6-A4A8-A8BF00120CF1}.Debug|Any CPU.Build.0 = Debug|Any CPU
		{0291CE1F-5271-45B6-A4A8-A8BF00120CF1}.Debug|ARM.ActiveCfg = Debug|Any CPU
		{0291CE1F-5271-45B6-A4A8-A8BF00120CF1}.Debug|ARM.Build.0 = Debug|Any CPU
		{0291CE1F-5271-45B6-A4A8-A8BF00120CF1}.Debug|ARM64.ActiveCfg = Debug|Any CPU
		{0291CE1F-5271-45B6-A4A8-A8BF00120CF1}.Debug|ARM64.Build.0 = Debug|Any CPU
		{0291CE1F-5271-45B6-A4A8-A8BF00120CF1}.Debug|x64.ActiveCfg = Debug|Any CPU
		{0291CE1F-5271-45B6-A4A8-A8BF00120CF1}.Debug|x64.Build.0 = Debug|Any CPU
		{0291CE1F-5271-45B6-A4A8-A8BF00120CF1}.Debug|x86.ActiveCfg = Debug|Any CPU
		{0291CE1F-5271-45B6-A4A8-A8BF00120CF1}.Debug|x86.Build.0 = Debug|Any CPU
		{0291CE1F-5271-45B6-A4A8-A8BF00120CF1}.Release|Any CPU.ActiveCfg = Release|Any CPU
		{0291CE1F-5271-45B6-A4A8-A8BF00120CF1}.Release|Any CPU.Build.0 = Release|Any CPU
		{0291CE1F-5271-45B6-A4A8-A8BF00120CF1}.Release|ARM.ActiveCfg = Release|Any CPU
		{0291CE1F-5271-45B6-A4A8-A8BF00120CF1}.Release|ARM.Build.0 = Release|Any CPU
		{0291CE1F-5271-45B6-A4A8-A8BF00120CF1}.Release|ARM64.ActiveCfg = Release|Any CPU
		{0291CE1F-5271-45B6-A4A8-A8BF00120CF1}.Release|ARM64.Build.0 = Release|Any CPU
		{0291CE1F-5271-45B6-A4A8-A8BF00120CF1}.Release|x64.ActiveCfg = Release|Any CPU
		{0291CE1F-5271-45B6-A4A8-A8BF00120CF1}.Release|x64.Build.0 = Release|Any CPU
		{0291CE1F-5271-45B6-A4A8-A8BF00120CF1}.Release|x86.ActiveCfg = Release|Any CPU
		{0291CE1F-5271-45B6-A4A8-A8BF00120CF1}.Release|x86.Build.0 = Release|Any CPU
		{E4386C65-8EA7-4BFF-BF5F-EEC51027E15F}.Debug|Any CPU.ActiveCfg = Debug|Any CPU
		{E4386C65-8EA7-4BFF-BF5F-EEC51027E15F}.Debug|Any CPU.Build.0 = Debug|Any CPU
		{E4386C65-8EA7-4BFF-BF5F-EEC51027E15F}.Debug|ARM.ActiveCfg = Debug|Any CPU
		{E4386C65-8EA7-4BFF-BF5F-EEC51027E15F}.Debug|ARM.Build.0 = Debug|Any CPU
		{E4386C65-8EA7-4BFF-BF5F-EEC51027E15F}.Debug|ARM64.ActiveCfg = Debug|Any CPU
		{E4386C65-8EA7-4BFF-BF5F-EEC51027E15F}.Debug|ARM64.Build.0 = Debug|Any CPU
		{E4386C65-8EA7-4BFF-BF5F-EEC51027E15F}.Debug|x64.ActiveCfg = Debug|Any CPU
		{E4386C65-8EA7-4BFF-BF5F-EEC51027E15F}.Debug|x64.Build.0 = Debug|Any CPU
		{E4386C65-8EA7-4BFF-BF5F-EEC51027E15F}.Debug|x86.ActiveCfg = Debug|Any CPU
		{E4386C65-8EA7-4BFF-BF5F-EEC51027E15F}.Debug|x86.Build.0 = Debug|Any CPU
		{E4386C65-8EA7-4BFF-BF5F-EEC51027E15F}.Release|Any CPU.ActiveCfg = Release|Any CPU
		{E4386C65-8EA7-4BFF-BF5F-EEC51027E15F}.Release|Any CPU.Build.0 = Release|Any CPU
		{E4386C65-8EA7-4BFF-BF5F-EEC51027E15F}.Release|ARM.ActiveCfg = Release|Any CPU
		{E4386C65-8EA7-4BFF-BF5F-EEC51027E15F}.Release|ARM.Build.0 = Release|Any CPU
		{E4386C65-8EA7-4BFF-BF5F-EEC51027E15F}.Release|ARM64.ActiveCfg = Release|Any CPU
		{E4386C65-8EA7-4BFF-BF5F-EEC51027E15F}.Release|ARM64.Build.0 = Release|Any CPU
		{E4386C65-8EA7-4BFF-BF5F-EEC51027E15F}.Release|x64.ActiveCfg = Release|Any CPU
		{E4386C65-8EA7-4BFF-BF5F-EEC51027E15F}.Release|x64.Build.0 = Release|Any CPU
		{E4386C65-8EA7-4BFF-BF5F-EEC51027E15F}.Release|x86.ActiveCfg = Release|Any CPU
		{E4386C65-8EA7-4BFF-BF5F-EEC51027E15F}.Release|x86.Build.0 = Release|Any CPU
		{FED33421-2675-4D7C-97D6-3F2B935B41E8}.Debug|Any CPU.ActiveCfg = Debug|Any CPU
		{FED33421-2675-4D7C-97D6-3F2B935B41E8}.Debug|Any CPU.Build.0 = Debug|Any CPU
		{FED33421-2675-4D7C-97D6-3F2B935B41E8}.Debug|ARM.ActiveCfg = Debug|Any CPU
		{FED33421-2675-4D7C-97D6-3F2B935B41E8}.Debug|ARM.Build.0 = Debug|Any CPU
		{FED33421-2675-4D7C-97D6-3F2B935B41E8}.Debug|ARM64.ActiveCfg = Debug|Any CPU
		{FED33421-2675-4D7C-97D6-3F2B935B41E8}.Debug|ARM64.Build.0 = Debug|Any CPU
		{FED33421-2675-4D7C-97D6-3F2B935B41E8}.Debug|x64.ActiveCfg = Debug|Any CPU
		{FED33421-2675-4D7C-97D6-3F2B935B41E8}.Debug|x64.Build.0 = Debug|Any CPU
		{FED33421-2675-4D7C-97D6-3F2B935B41E8}.Debug|x86.ActiveCfg = Debug|Any CPU
		{FED33421-2675-4D7C-97D6-3F2B935B41E8}.Debug|x86.Build.0 = Debug|Any CPU
		{FED33421-2675-4D7C-97D6-3F2B935B41E8}.Release|Any CPU.ActiveCfg = Release|Any CPU
		{FED33421-2675-4D7C-97D6-3F2B935B41E8}.Release|Any CPU.Build.0 = Release|Any CPU
		{FED33421-2675-4D7C-97D6-3F2B935B41E8}.Release|ARM.ActiveCfg = Release|Any CPU
		{FED33421-2675-4D7C-97D6-3F2B935B41E8}.Release|ARM.Build.0 = Release|Any CPU
		{FED33421-2675-4D7C-97D6-3F2B935B41E8}.Release|ARM64.ActiveCfg = Release|Any CPU
		{FED33421-2675-4D7C-97D6-3F2B935B41E8}.Release|ARM64.Build.0 = Release|Any CPU
		{FED33421-2675-4D7C-97D6-3F2B935B41E8}.Release|x64.ActiveCfg = Release|Any CPU
		{FED33421-2675-4D7C-97D6-3F2B935B41E8}.Release|x64.Build.0 = Release|Any CPU
		{FED33421-2675-4D7C-97D6-3F2B935B41E8}.Release|x86.ActiveCfg = Release|Any CPU
		{FED33421-2675-4D7C-97D6-3F2B935B41E8}.Release|x86.Build.0 = Release|Any CPU
		{C27640D7-DB8B-43FE-885D-DF9D7AC7CDEB}.Debug|Any CPU.ActiveCfg = Debug|Any CPU
		{C27640D7-DB8B-43FE-885D-DF9D7AC7CDEB}.Debug|Any CPU.Build.0 = Debug|Any CPU
		{C27640D7-DB8B-43FE-885D-DF9D7AC7CDEB}.Debug|ARM.ActiveCfg = Debug|Any CPU
		{C27640D7-DB8B-43FE-885D-DF9D7AC7CDEB}.Debug|ARM.Build.0 = Debug|Any CPU
		{C27640D7-DB8B-43FE-885D-DF9D7AC7CDEB}.Debug|ARM64.ActiveCfg = Debug|Any CPU
		{C27640D7-DB8B-43FE-885D-DF9D7AC7CDEB}.Debug|ARM64.Build.0 = Debug|Any CPU
		{C27640D7-DB8B-43FE-885D-DF9D7AC7CDEB}.Debug|x64.ActiveCfg = Debug|Any CPU
		{C27640D7-DB8B-43FE-885D-DF9D7AC7CDEB}.Debug|x64.Build.0 = Debug|Any CPU
		{C27640D7-DB8B-43FE-885D-DF9D7AC7CDEB}.Debug|x86.ActiveCfg = Debug|Any CPU
		{C27640D7-DB8B-43FE-885D-DF9D7AC7CDEB}.Debug|x86.Build.0 = Debug|Any CPU
		{C27640D7-DB8B-43FE-885D-DF9D7AC7CDEB}.Release|Any CPU.ActiveCfg = Release|Any CPU
		{C27640D7-DB8B-43FE-885D-DF9D7AC7CDEB}.Release|Any CPU.Build.0 = Release|Any CPU
		{C27640D7-DB8B-43FE-885D-DF9D7AC7CDEB}.Release|ARM.ActiveCfg = Release|Any CPU
		{C27640D7-DB8B-43FE-885D-DF9D7AC7CDEB}.Release|ARM.Build.0 = Release|Any CPU
		{C27640D7-DB8B-43FE-885D-DF9D7AC7CDEB}.Release|ARM64.ActiveCfg = Release|Any CPU
		{C27640D7-DB8B-43FE-885D-DF9D7AC7CDEB}.Release|ARM64.Build.0 = Release|Any CPU
		{C27640D7-DB8B-43FE-885D-DF9D7AC7CDEB}.Release|x64.ActiveCfg = Release|Any CPU
		{C27640D7-DB8B-43FE-885D-DF9D7AC7CDEB}.Release|x64.Build.0 = Release|Any CPU
		{C27640D7-DB8B-43FE-885D-DF9D7AC7CDEB}.Release|x86.ActiveCfg = Release|Any CPU
		{C27640D7-DB8B-43FE-885D-DF9D7AC7CDEB}.Release|x86.Build.0 = Release|Any CPU
		{D0A5D57F-8D87-474A-AF9D-DC5C10398672}.Debug|Any CPU.ActiveCfg = Debug|Any CPU
		{D0A5D57F-8D87-474A-AF9D-DC5C10398672}.Debug|Any CPU.Build.0 = Debug|Any CPU
		{D0A5D57F-8D87-474A-AF9D-DC5C10398672}.Debug|ARM.ActiveCfg = Debug|Any CPU
		{D0A5D57F-8D87-474A-AF9D-DC5C10398672}.Debug|ARM.Build.0 = Debug|Any CPU
		{D0A5D57F-8D87-474A-AF9D-DC5C10398672}.Debug|ARM64.ActiveCfg = Debug|Any CPU
		{D0A5D57F-8D87-474A-AF9D-DC5C10398672}.Debug|ARM64.Build.0 = Debug|Any CPU
		{D0A5D57F-8D87-474A-AF9D-DC5C10398672}.Debug|x64.ActiveCfg = Debug|Any CPU
		{D0A5D57F-8D87-474A-AF9D-DC5C10398672}.Debug|x64.Build.0 = Debug|Any CPU
		{D0A5D57F-8D87-474A-AF9D-DC5C10398672}.Debug|x86.ActiveCfg = Debug|Any CPU
		{D0A5D57F-8D87-474A-AF9D-DC5C10398672}.Debug|x86.Build.0 = Debug|Any CPU
		{D0A5D57F-8D87-474A-AF9D-DC5C10398672}.Release|Any CPU.ActiveCfg = Release|Any CPU
		{D0A5D57F-8D87-474A-AF9D-DC5C10398672}.Release|Any CPU.Build.0 = Release|Any CPU
		{D0A5D57F-8D87-474A-AF9D-DC5C10398672}.Release|ARM.ActiveCfg = Release|Any CPU
		{D0A5D57F-8D87-474A-AF9D-DC5C10398672}.Release|ARM.Build.0 = Release|Any CPU
		{D0A5D57F-8D87-474A-AF9D-DC5C10398672}.Release|ARM64.ActiveCfg = Release|Any CPU
		{D0A5D57F-8D87-474A-AF9D-DC5C10398672}.Release|ARM64.Build.0 = Release|Any CPU
		{D0A5D57F-8D87-474A-AF9D-DC5C10398672}.Release|x64.ActiveCfg = Release|Any CPU
		{D0A5D57F-8D87-474A-AF9D-DC5C10398672}.Release|x64.Build.0 = Release|Any CPU
		{D0A5D57F-8D87-474A-AF9D-DC5C10398672}.Release|x86.ActiveCfg = Release|Any CPU
		{D0A5D57F-8D87-474A-AF9D-DC5C10398672}.Release|x86.Build.0 = Release|Any CPU
		{EE676CF2-ED2D-4B45-8FC7-0DD05E661999}.Debug|Any CPU.ActiveCfg = Debug|Any CPU
		{EE676CF2-ED2D-4B45-8FC7-0DD05E661999}.Debug|Any CPU.Build.0 = Debug|Any CPU
		{EE676CF2-ED2D-4B45-8FC7-0DD05E661999}.Debug|ARM.ActiveCfg = Debug|Any CPU
		{EE676CF2-ED2D-4B45-8FC7-0DD05E661999}.Debug|ARM.Build.0 = Debug|Any CPU
		{EE676CF2-ED2D-4B45-8FC7-0DD05E661999}.Debug|ARM64.ActiveCfg = Debug|Any CPU
		{EE676CF2-ED2D-4B45-8FC7-0DD05E661999}.Debug|ARM64.Build.0 = Debug|Any CPU
		{EE676CF2-ED2D-4B45-8FC7-0DD05E661999}.Debug|x64.ActiveCfg = Debug|Any CPU
		{EE676CF2-ED2D-4B45-8FC7-0DD05E661999}.Debug|x64.Build.0 = Debug|Any CPU
		{EE676CF2-ED2D-4B45-8FC7-0DD05E661999}.Debug|x86.ActiveCfg = Debug|Any CPU
		{EE676CF2-ED2D-4B45-8FC7-0DD05E661999}.Debug|x86.Build.0 = Debug|Any CPU
		{EE676CF2-ED2D-4B45-8FC7-0DD05E661999}.Release|Any CPU.ActiveCfg = Release|Any CPU
		{EE676CF2-ED2D-4B45-8FC7-0DD05E661999}.Release|Any CPU.Build.0 = Release|Any CPU
		{EE676CF2-ED2D-4B45-8FC7-0DD05E661999}.Release|ARM.ActiveCfg = Release|Any CPU
		{EE676CF2-ED2D-4B45-8FC7-0DD05E661999}.Release|ARM.Build.0 = Release|Any CPU
		{EE676CF2-ED2D-4B45-8FC7-0DD05E661999}.Release|ARM64.ActiveCfg = Release|Any CPU
		{EE676CF2-ED2D-4B45-8FC7-0DD05E661999}.Release|ARM64.Build.0 = Release|Any CPU
		{EE676CF2-ED2D-4B45-8FC7-0DD05E661999}.Release|x64.ActiveCfg = Release|Any CPU
		{EE676CF2-ED2D-4B45-8FC7-0DD05E661999}.Release|x64.Build.0 = Release|Any CPU
		{EE676CF2-ED2D-4B45-8FC7-0DD05E661999}.Release|x86.ActiveCfg = Release|Any CPU
		{EE676CF2-ED2D-4B45-8FC7-0DD05E661999}.Release|x86.Build.0 = Release|Any CPU
		{7CBC2FBF-C124-4C14-AC43-DE801AB59AE3}.Debug|Any CPU.ActiveCfg = Debug|Any CPU
		{7CBC2FBF-C124-4C14-AC43-DE801AB59AE3}.Debug|Any CPU.Build.0 = Debug|Any CPU
		{7CBC2FBF-C124-4C14-AC43-DE801AB59AE3}.Debug|ARM.ActiveCfg = Debug|Any CPU
		{7CBC2FBF-C124-4C14-AC43-DE801AB59AE3}.Debug|ARM.Build.0 = Debug|Any CPU
		{7CBC2FBF-C124-4C14-AC43-DE801AB59AE3}.Debug|ARM64.ActiveCfg = Debug|Any CPU
		{7CBC2FBF-C124-4C14-AC43-DE801AB59AE3}.Debug|ARM64.Build.0 = Debug|Any CPU
		{7CBC2FBF-C124-4C14-AC43-DE801AB59AE3}.Debug|x64.ActiveCfg = Debug|Any CPU
		{7CBC2FBF-C124-4C14-AC43-DE801AB59AE3}.Debug|x64.Build.0 = Debug|Any CPU
		{7CBC2FBF-C124-4C14-AC43-DE801AB59AE3}.Debug|x86.ActiveCfg = Debug|Any CPU
		{7CBC2FBF-C124-4C14-AC43-DE801AB59AE3}.Debug|x86.Build.0 = Debug|Any CPU
		{7CBC2FBF-C124-4C14-AC43-DE801AB59AE3}.Release|Any CPU.ActiveCfg = Release|Any CPU
		{7CBC2FBF-C124-4C14-AC43-DE801AB59AE3}.Release|Any CPU.Build.0 = Release|Any CPU
		{7CBC2FBF-C124-4C14-AC43-DE801AB59AE3}.Release|ARM.ActiveCfg = Release|Any CPU
		{7CBC2FBF-C124-4C14-AC43-DE801AB59AE3}.Release|ARM.Build.0 = Release|Any CPU
		{7CBC2FBF-C124-4C14-AC43-DE801AB59AE3}.Release|ARM64.ActiveCfg = Release|Any CPU
		{7CBC2FBF-C124-4C14-AC43-DE801AB59AE3}.Release|ARM64.Build.0 = Release|Any CPU
		{7CBC2FBF-C124-4C14-AC43-DE801AB59AE3}.Release|x64.ActiveCfg = Release|Any CPU
		{7CBC2FBF-C124-4C14-AC43-DE801AB59AE3}.Release|x64.Build.0 = Release|Any CPU
		{7CBC2FBF-C124-4C14-AC43-DE801AB59AE3}.Release|x86.ActiveCfg = Release|Any CPU
		{7CBC2FBF-C124-4C14-AC43-DE801AB59AE3}.Release|x86.Build.0 = Release|Any CPU
		{1485AC2F-AE13-4A29-8900-608BCF685AEA}.Debug|Any CPU.ActiveCfg = Debug|Any CPU
		{1485AC2F-AE13-4A29-8900-608BCF685AEA}.Debug|Any CPU.Build.0 = Debug|Any CPU
		{1485AC2F-AE13-4A29-8900-608BCF685AEA}.Debug|ARM.ActiveCfg = Debug|Any CPU
		{1485AC2F-AE13-4A29-8900-608BCF685AEA}.Debug|ARM.Build.0 = Debug|Any CPU
		{1485AC2F-AE13-4A29-8900-608BCF685AEA}.Debug|ARM64.ActiveCfg = Debug|Any CPU
		{1485AC2F-AE13-4A29-8900-608BCF685AEA}.Debug|ARM64.Build.0 = Debug|Any CPU
		{1485AC2F-AE13-4A29-8900-608BCF685AEA}.Debug|x64.ActiveCfg = Debug|Any CPU
		{1485AC2F-AE13-4A29-8900-608BCF685AEA}.Debug|x64.Build.0 = Debug|Any CPU
		{1485AC2F-AE13-4A29-8900-608BCF685AEA}.Debug|x86.ActiveCfg = Debug|Any CPU
		{1485AC2F-AE13-4A29-8900-608BCF685AEA}.Debug|x86.Build.0 = Debug|Any CPU
		{1485AC2F-AE13-4A29-8900-608BCF685AEA}.Release|Any CPU.ActiveCfg = Release|Any CPU
		{1485AC2F-AE13-4A29-8900-608BCF685AEA}.Release|Any CPU.Build.0 = Release|Any CPU
		{1485AC2F-AE13-4A29-8900-608BCF685AEA}.Release|ARM.ActiveCfg = Release|Any CPU
		{1485AC2F-AE13-4A29-8900-608BCF685AEA}.Release|ARM.Build.0 = Release|Any CPU
		{1485AC2F-AE13-4A29-8900-608BCF685AEA}.Release|ARM64.ActiveCfg = Release|Any CPU
		{1485AC2F-AE13-4A29-8900-608BCF685AEA}.Release|ARM64.Build.0 = Release|Any CPU
		{1485AC2F-AE13-4A29-8900-608BCF685AEA}.Release|x64.ActiveCfg = Release|Any CPU
		{1485AC2F-AE13-4A29-8900-608BCF685AEA}.Release|x64.Build.0 = Release|Any CPU
		{1485AC2F-AE13-4A29-8900-608BCF685AEA}.Release|x86.ActiveCfg = Release|Any CPU
		{1485AC2F-AE13-4A29-8900-608BCF685AEA}.Release|x86.Build.0 = Release|Any CPU
		{BEB4F0D1-6513-4ACB-93AA-718749968691}.Debug|Any CPU.ActiveCfg = Debug|Any CPU
		{BEB4F0D1-6513-4ACB-93AA-718749968691}.Debug|Any CPU.Build.0 = Debug|Any CPU
		{BEB4F0D1-6513-4ACB-93AA-718749968691}.Debug|ARM.ActiveCfg = Debug|Any CPU
		{BEB4F0D1-6513-4ACB-93AA-718749968691}.Debug|ARM.Build.0 = Debug|Any CPU
		{BEB4F0D1-6513-4ACB-93AA-718749968691}.Debug|ARM64.ActiveCfg = Debug|Any CPU
		{BEB4F0D1-6513-4ACB-93AA-718749968691}.Debug|ARM64.Build.0 = Debug|Any CPU
		{BEB4F0D1-6513-4ACB-93AA-718749968691}.Debug|x64.ActiveCfg = Debug|Any CPU
		{BEB4F0D1-6513-4ACB-93AA-718749968691}.Debug|x64.Build.0 = Debug|Any CPU
		{BEB4F0D1-6513-4ACB-93AA-718749968691}.Debug|x86.ActiveCfg = Debug|Any CPU
		{BEB4F0D1-6513-4ACB-93AA-718749968691}.Debug|x86.Build.0 = Debug|Any CPU
		{BEB4F0D1-6513-4ACB-93AA-718749968691}.Release|Any CPU.ActiveCfg = Release|Any CPU
		{BEB4F0D1-6513-4ACB-93AA-718749968691}.Release|Any CPU.Build.0 = Release|Any CPU
		{BEB4F0D1-6513-4ACB-93AA-718749968691}.Release|ARM.ActiveCfg = Release|Any CPU
		{BEB4F0D1-6513-4ACB-93AA-718749968691}.Release|ARM.Build.0 = Release|Any CPU
		{BEB4F0D1-6513-4ACB-93AA-718749968691}.Release|ARM64.ActiveCfg = Release|Any CPU
		{BEB4F0D1-6513-4ACB-93AA-718749968691}.Release|ARM64.Build.0 = Release|Any CPU
		{BEB4F0D1-6513-4ACB-93AA-718749968691}.Release|x64.ActiveCfg = Release|Any CPU
		{BEB4F0D1-6513-4ACB-93AA-718749968691}.Release|x64.Build.0 = Release|Any CPU
		{BEB4F0D1-6513-4ACB-93AA-718749968691}.Release|x86.ActiveCfg = Release|Any CPU
		{BEB4F0D1-6513-4ACB-93AA-718749968691}.Release|x86.Build.0 = Release|Any CPU
		{8BE6DA8D-5816-4545-9B64-0D69F847EF89}.Debug|Any CPU.ActiveCfg = Debug|Any CPU
		{8BE6DA8D-5816-4545-9B64-0D69F847EF89}.Debug|Any CPU.Build.0 = Debug|Any CPU
		{8BE6DA8D-5816-4545-9B64-0D69F847EF89}.Debug|ARM.ActiveCfg = Debug|Any CPU
		{8BE6DA8D-5816-4545-9B64-0D69F847EF89}.Debug|ARM.Build.0 = Debug|Any CPU
		{8BE6DA8D-5816-4545-9B64-0D69F847EF89}.Debug|ARM64.ActiveCfg = Debug|Any CPU
		{8BE6DA8D-5816-4545-9B64-0D69F847EF89}.Debug|ARM64.Build.0 = Debug|Any CPU
		{8BE6DA8D-5816-4545-9B64-0D69F847EF89}.Debug|x64.ActiveCfg = Debug|Any CPU
		{8BE6DA8D-5816-4545-9B64-0D69F847EF89}.Debug|x64.Build.0 = Debug|Any CPU
		{8BE6DA8D-5816-4545-9B64-0D69F847EF89}.Debug|x86.ActiveCfg = Debug|Any CPU
		{8BE6DA8D-5816-4545-9B64-0D69F847EF89}.Debug|x86.Build.0 = Debug|Any CPU
		{8BE6DA8D-5816-4545-9B64-0D69F847EF89}.Release|Any CPU.ActiveCfg = Release|Any CPU
		{8BE6DA8D-5816-4545-9B64-0D69F847EF89}.Release|Any CPU.Build.0 = Release|Any CPU
		{8BE6DA8D-5816-4545-9B64-0D69F847EF89}.Release|ARM.ActiveCfg = Release|Any CPU
		{8BE6DA8D-5816-4545-9B64-0D69F847EF89}.Release|ARM.Build.0 = Release|Any CPU
		{8BE6DA8D-5816-4545-9B64-0D69F847EF89}.Release|ARM64.ActiveCfg = Release|Any CPU
		{8BE6DA8D-5816-4545-9B64-0D69F847EF89}.Release|ARM64.Build.0 = Release|Any CPU
		{8BE6DA8D-5816-4545-9B64-0D69F847EF89}.Release|x64.ActiveCfg = Release|Any CPU
		{8BE6DA8D-5816-4545-9B64-0D69F847EF89}.Release|x64.Build.0 = Release|Any CPU
		{8BE6DA8D-5816-4545-9B64-0D69F847EF89}.Release|x86.ActiveCfg = Release|Any CPU
		{8BE6DA8D-5816-4545-9B64-0D69F847EF89}.Release|x86.Build.0 = Release|Any CPU
		{1EEB1E3D-263D-44A2-8F57-417EBE3C6362}.Debug|Any CPU.ActiveCfg = Debug|Any CPU
		{1EEB1E3D-263D-44A2-8F57-417EBE3C6362}.Debug|Any CPU.Build.0 = Debug|Any CPU
		{1EEB1E3D-263D-44A2-8F57-417EBE3C6362}.Debug|ARM.ActiveCfg = Debug|Any CPU
		{1EEB1E3D-263D-44A2-8F57-417EBE3C6362}.Debug|ARM.Build.0 = Debug|Any CPU
		{1EEB1E3D-263D-44A2-8F57-417EBE3C6362}.Debug|ARM64.ActiveCfg = Debug|Any CPU
		{1EEB1E3D-263D-44A2-8F57-417EBE3C6362}.Debug|ARM64.Build.0 = Debug|Any CPU
		{1EEB1E3D-263D-44A2-8F57-417EBE3C6362}.Debug|x64.ActiveCfg = Debug|Any CPU
		{1EEB1E3D-263D-44A2-8F57-417EBE3C6362}.Debug|x64.Build.0 = Debug|Any CPU
		{1EEB1E3D-263D-44A2-8F57-417EBE3C6362}.Debug|x86.ActiveCfg = Debug|Any CPU
		{1EEB1E3D-263D-44A2-8F57-417EBE3C6362}.Debug|x86.Build.0 = Debug|Any CPU
		{1EEB1E3D-263D-44A2-8F57-417EBE3C6362}.Release|Any CPU.ActiveCfg = Release|Any CPU
		{1EEB1E3D-263D-44A2-8F57-417EBE3C6362}.Release|Any CPU.Build.0 = Release|Any CPU
		{1EEB1E3D-263D-44A2-8F57-417EBE3C6362}.Release|ARM.ActiveCfg = Release|Any CPU
		{1EEB1E3D-263D-44A2-8F57-417EBE3C6362}.Release|ARM.Build.0 = Release|Any CPU
		{1EEB1E3D-263D-44A2-8F57-417EBE3C6362}.Release|ARM64.ActiveCfg = Release|Any CPU
		{1EEB1E3D-263D-44A2-8F57-417EBE3C6362}.Release|ARM64.Build.0 = Release|Any CPU
		{1EEB1E3D-263D-44A2-8F57-417EBE3C6362}.Release|x64.ActiveCfg = Release|Any CPU
		{1EEB1E3D-263D-44A2-8F57-417EBE3C6362}.Release|x64.Build.0 = Release|Any CPU
		{1EEB1E3D-263D-44A2-8F57-417EBE3C6362}.Release|x86.ActiveCfg = Release|Any CPU
		{1EEB1E3D-263D-44A2-8F57-417EBE3C6362}.Release|x86.Build.0 = Release|Any CPU
		{29957374-5941-4A38-A2E9-F3A9653859C4}.Debug|Any CPU.ActiveCfg = Debug|Any CPU
		{29957374-5941-4A38-A2E9-F3A9653859C4}.Debug|Any CPU.Build.0 = Debug|Any CPU
		{29957374-5941-4A38-A2E9-F3A9653859C4}.Debug|ARM.ActiveCfg = Debug|Any CPU
		{29957374-5941-4A38-A2E9-F3A9653859C4}.Debug|ARM.Build.0 = Debug|Any CPU
		{29957374-5941-4A38-A2E9-F3A9653859C4}.Debug|ARM64.ActiveCfg = Debug|Any CPU
		{29957374-5941-4A38-A2E9-F3A9653859C4}.Debug|ARM64.Build.0 = Debug|Any CPU
		{29957374-5941-4A38-A2E9-F3A9653859C4}.Debug|x64.ActiveCfg = Debug|Any CPU
		{29957374-5941-4A38-A2E9-F3A9653859C4}.Debug|x64.Build.0 = Debug|Any CPU
		{29957374-5941-4A38-A2E9-F3A9653859C4}.Debug|x86.ActiveCfg = Debug|Any CPU
		{29957374-5941-4A38-A2E9-F3A9653859C4}.Debug|x86.Build.0 = Debug|Any CPU
		{29957374-5941-4A38-A2E9-F3A9653859C4}.Release|Any CPU.ActiveCfg = Release|Any CPU
		{29957374-5941-4A38-A2E9-F3A9653859C4}.Release|Any CPU.Build.0 = Release|Any CPU
		{29957374-5941-4A38-A2E9-F3A9653859C4}.Release|ARM.ActiveCfg = Release|Any CPU
		{29957374-5941-4A38-A2E9-F3A9653859C4}.Release|ARM.Build.0 = Release|Any CPU
		{29957374-5941-4A38-A2E9-F3A9653859C4}.Release|ARM64.ActiveCfg = Release|Any CPU
		{29957374-5941-4A38-A2E9-F3A9653859C4}.Release|ARM64.Build.0 = Release|Any CPU
		{29957374-5941-4A38-A2E9-F3A9653859C4}.Release|x64.ActiveCfg = Release|Any CPU
		{29957374-5941-4A38-A2E9-F3A9653859C4}.Release|x64.Build.0 = Release|Any CPU
		{29957374-5941-4A38-A2E9-F3A9653859C4}.Release|x86.ActiveCfg = Release|Any CPU
		{29957374-5941-4A38-A2E9-F3A9653859C4}.Release|x86.Build.0 = Release|Any CPU
		{9FE9646C-8DA3-4FB0-AB90-6A703BA1BED9}.Debug|Any CPU.ActiveCfg = Debug|Any CPU
		{9FE9646C-8DA3-4FB0-AB90-6A703BA1BED9}.Debug|Any CPU.Build.0 = Debug|Any CPU
		{9FE9646C-8DA3-4FB0-AB90-6A703BA1BED9}.Debug|ARM.ActiveCfg = Debug|Any CPU
		{9FE9646C-8DA3-4FB0-AB90-6A703BA1BED9}.Debug|ARM.Build.0 = Debug|Any CPU
		{9FE9646C-8DA3-4FB0-AB90-6A703BA1BED9}.Debug|ARM64.ActiveCfg = Debug|Any CPU
		{9FE9646C-8DA3-4FB0-AB90-6A703BA1BED9}.Debug|ARM64.Build.0 = Debug|Any CPU
		{9FE9646C-8DA3-4FB0-AB90-6A703BA1BED9}.Debug|x64.ActiveCfg = Debug|Any CPU
		{9FE9646C-8DA3-4FB0-AB90-6A703BA1BED9}.Debug|x64.Build.0 = Debug|Any CPU
		{9FE9646C-8DA3-4FB0-AB90-6A703BA1BED9}.Debug|x86.ActiveCfg = Debug|Any CPU
		{9FE9646C-8DA3-4FB0-AB90-6A703BA1BED9}.Debug|x86.Build.0 = Debug|Any CPU
		{9FE9646C-8DA3-4FB0-AB90-6A703BA1BED9}.Release|Any CPU.ActiveCfg = Release|Any CPU
		{9FE9646C-8DA3-4FB0-AB90-6A703BA1BED9}.Release|Any CPU.Build.0 = Release|Any CPU
		{9FE9646C-8DA3-4FB0-AB90-6A703BA1BED9}.Release|ARM.ActiveCfg = Release|Any CPU
		{9FE9646C-8DA3-4FB0-AB90-6A703BA1BED9}.Release|ARM.Build.0 = Release|Any CPU
		{9FE9646C-8DA3-4FB0-AB90-6A703BA1BED9}.Release|ARM64.ActiveCfg = Release|Any CPU
		{9FE9646C-8DA3-4FB0-AB90-6A703BA1BED9}.Release|ARM64.Build.0 = Release|Any CPU
		{9FE9646C-8DA3-4FB0-AB90-6A703BA1BED9}.Release|x64.ActiveCfg = Release|Any CPU
		{9FE9646C-8DA3-4FB0-AB90-6A703BA1BED9}.Release|x64.Build.0 = Release|Any CPU
		{9FE9646C-8DA3-4FB0-AB90-6A703BA1BED9}.Release|x86.ActiveCfg = Release|Any CPU
		{9FE9646C-8DA3-4FB0-AB90-6A703BA1BED9}.Release|x86.Build.0 = Release|Any CPU
		{69D1F3AC-37BD-48FC-ABC4-AA27E3D11BF5}.Debug|Any CPU.ActiveCfg = Debug|Any CPU
		{69D1F3AC-37BD-48FC-ABC4-AA27E3D11BF5}.Debug|Any CPU.Build.0 = Debug|Any CPU
		{69D1F3AC-37BD-48FC-ABC4-AA27E3D11BF5}.Debug|ARM.ActiveCfg = Debug|Any CPU
		{69D1F3AC-37BD-48FC-ABC4-AA27E3D11BF5}.Debug|ARM.Build.0 = Debug|Any CPU
		{69D1F3AC-37BD-48FC-ABC4-AA27E3D11BF5}.Debug|ARM64.ActiveCfg = Debug|Any CPU
		{69D1F3AC-37BD-48FC-ABC4-AA27E3D11BF5}.Debug|ARM64.Build.0 = Debug|Any CPU
		{69D1F3AC-37BD-48FC-ABC4-AA27E3D11BF5}.Debug|x64.ActiveCfg = Debug|Any CPU
		{69D1F3AC-37BD-48FC-ABC4-AA27E3D11BF5}.Debug|x64.Build.0 = Debug|Any CPU
		{69D1F3AC-37BD-48FC-ABC4-AA27E3D11BF5}.Debug|x86.ActiveCfg = Debug|Any CPU
		{69D1F3AC-37BD-48FC-ABC4-AA27E3D11BF5}.Debug|x86.Build.0 = Debug|Any CPU
		{69D1F3AC-37BD-48FC-ABC4-AA27E3D11BF5}.Release|Any CPU.ActiveCfg = Release|Any CPU
		{69D1F3AC-37BD-48FC-ABC4-AA27E3D11BF5}.Release|Any CPU.Build.0 = Release|Any CPU
		{69D1F3AC-37BD-48FC-ABC4-AA27E3D11BF5}.Release|ARM.ActiveCfg = Release|Any CPU
		{69D1F3AC-37BD-48FC-ABC4-AA27E3D11BF5}.Release|ARM.Build.0 = Release|Any CPU
		{69D1F3AC-37BD-48FC-ABC4-AA27E3D11BF5}.Release|ARM64.ActiveCfg = Release|Any CPU
		{69D1F3AC-37BD-48FC-ABC4-AA27E3D11BF5}.Release|ARM64.Build.0 = Release|Any CPU
		{69D1F3AC-37BD-48FC-ABC4-AA27E3D11BF5}.Release|x64.ActiveCfg = Release|Any CPU
		{69D1F3AC-37BD-48FC-ABC4-AA27E3D11BF5}.Release|x64.Build.0 = Release|Any CPU
		{69D1F3AC-37BD-48FC-ABC4-AA27E3D11BF5}.Release|x86.ActiveCfg = Release|Any CPU
		{69D1F3AC-37BD-48FC-ABC4-AA27E3D11BF5}.Release|x86.Build.0 = Release|Any CPU
		{10760E3E-33E1-4C8D-A83A-32D672EBA44B}.Debug|Any CPU.ActiveCfg = Debug|Any CPU
		{10760E3E-33E1-4C8D-A83A-32D672EBA44B}.Debug|Any CPU.Build.0 = Debug|Any CPU
		{10760E3E-33E1-4C8D-A83A-32D672EBA44B}.Debug|ARM.ActiveCfg = Debug|Any CPU
		{10760E3E-33E1-4C8D-A83A-32D672EBA44B}.Debug|ARM.Build.0 = Debug|Any CPU
		{10760E3E-33E1-4C8D-A83A-32D672EBA44B}.Debug|ARM64.ActiveCfg = Debug|Any CPU
		{10760E3E-33E1-4C8D-A83A-32D672EBA44B}.Debug|ARM64.Build.0 = Debug|Any CPU
		{10760E3E-33E1-4C8D-A83A-32D672EBA44B}.Debug|x64.ActiveCfg = Debug|Any CPU
		{10760E3E-33E1-4C8D-A83A-32D672EBA44B}.Debug|x64.Build.0 = Debug|Any CPU
		{10760E3E-33E1-4C8D-A83A-32D672EBA44B}.Debug|x86.ActiveCfg = Debug|Any CPU
		{10760E3E-33E1-4C8D-A83A-32D672EBA44B}.Debug|x86.Build.0 = Debug|Any CPU
		{10760E3E-33E1-4C8D-A83A-32D672EBA44B}.Release|Any CPU.ActiveCfg = Release|Any CPU
		{10760E3E-33E1-4C8D-A83A-32D672EBA44B}.Release|Any CPU.Build.0 = Release|Any CPU
		{10760E3E-33E1-4C8D-A83A-32D672EBA44B}.Release|ARM.ActiveCfg = Release|Any CPU
		{10760E3E-33E1-4C8D-A83A-32D672EBA44B}.Release|ARM.Build.0 = Release|Any CPU
		{10760E3E-33E1-4C8D-A83A-32D672EBA44B}.Release|ARM64.ActiveCfg = Release|Any CPU
		{10760E3E-33E1-4C8D-A83A-32D672EBA44B}.Release|ARM64.Build.0 = Release|Any CPU
		{10760E3E-33E1-4C8D-A83A-32D672EBA44B}.Release|x64.ActiveCfg = Release|Any CPU
		{10760E3E-33E1-4C8D-A83A-32D672EBA44B}.Release|x64.Build.0 = Release|Any CPU
		{10760E3E-33E1-4C8D-A83A-32D672EBA44B}.Release|x86.ActiveCfg = Release|Any CPU
		{10760E3E-33E1-4C8D-A83A-32D672EBA44B}.Release|x86.Build.0 = Release|Any CPU
		{7006A3CA-511A-44BB-8804-DCE22D83F50A}.Debug|Any CPU.ActiveCfg = Debug|Any CPU
		{7006A3CA-511A-44BB-8804-DCE22D83F50A}.Debug|Any CPU.Build.0 = Debug|Any CPU
		{7006A3CA-511A-44BB-8804-DCE22D83F50A}.Debug|ARM.ActiveCfg = Debug|Any CPU
		{7006A3CA-511A-44BB-8804-DCE22D83F50A}.Debug|ARM.Build.0 = Debug|Any CPU
		{7006A3CA-511A-44BB-8804-DCE22D83F50A}.Debug|ARM64.ActiveCfg = Debug|Any CPU
		{7006A3CA-511A-44BB-8804-DCE22D83F50A}.Debug|ARM64.Build.0 = Debug|Any CPU
		{7006A3CA-511A-44BB-8804-DCE22D83F50A}.Debug|x64.ActiveCfg = Debug|Any CPU
		{7006A3CA-511A-44BB-8804-DCE22D83F50A}.Debug|x64.Build.0 = Debug|Any CPU
		{7006A3CA-511A-44BB-8804-DCE22D83F50A}.Debug|x86.ActiveCfg = Debug|Any CPU
		{7006A3CA-511A-44BB-8804-DCE22D83F50A}.Debug|x86.Build.0 = Debug|Any CPU
		{7006A3CA-511A-44BB-8804-DCE22D83F50A}.Release|Any CPU.ActiveCfg = Release|Any CPU
		{7006A3CA-511A-44BB-8804-DCE22D83F50A}.Release|Any CPU.Build.0 = Release|Any CPU
		{7006A3CA-511A-44BB-8804-DCE22D83F50A}.Release|ARM.ActiveCfg = Release|Any CPU
		{7006A3CA-511A-44BB-8804-DCE22D83F50A}.Release|ARM.Build.0 = Release|Any CPU
		{7006A3CA-511A-44BB-8804-DCE22D83F50A}.Release|ARM64.ActiveCfg = Release|Any CPU
		{7006A3CA-511A-44BB-8804-DCE22D83F50A}.Release|ARM64.Build.0 = Release|Any CPU
		{7006A3CA-511A-44BB-8804-DCE22D83F50A}.Release|x64.ActiveCfg = Release|Any CPU
		{7006A3CA-511A-44BB-8804-DCE22D83F50A}.Release|x64.Build.0 = Release|Any CPU
		{7006A3CA-511A-44BB-8804-DCE22D83F50A}.Release|x86.ActiveCfg = Release|Any CPU
		{7006A3CA-511A-44BB-8804-DCE22D83F50A}.Release|x86.Build.0 = Release|Any CPU
		{95ABDE3B-AADE-459D-AD15-9173E6709439}.Debug|Any CPU.ActiveCfg = Debug|Any CPU
		{95ABDE3B-AADE-459D-AD15-9173E6709439}.Debug|Any CPU.Build.0 = Debug|Any CPU
		{95ABDE3B-AADE-459D-AD15-9173E6709439}.Debug|ARM.ActiveCfg = Debug|Any CPU
		{95ABDE3B-AADE-459D-AD15-9173E6709439}.Debug|ARM.Build.0 = Debug|Any CPU
		{95ABDE3B-AADE-459D-AD15-9173E6709439}.Debug|ARM64.ActiveCfg = Debug|Any CPU
		{95ABDE3B-AADE-459D-AD15-9173E6709439}.Debug|ARM64.Build.0 = Debug|Any CPU
		{95ABDE3B-AADE-459D-AD15-9173E6709439}.Debug|x64.ActiveCfg = Debug|Any CPU
		{95ABDE3B-AADE-459D-AD15-9173E6709439}.Debug|x64.Build.0 = Debug|Any CPU
		{95ABDE3B-AADE-459D-AD15-9173E6709439}.Debug|x86.ActiveCfg = Debug|Any CPU
		{95ABDE3B-AADE-459D-AD15-9173E6709439}.Debug|x86.Build.0 = Debug|Any CPU
		{95ABDE3B-AADE-459D-AD15-9173E6709439}.Release|Any CPU.ActiveCfg = Release|Any CPU
		{95ABDE3B-AADE-459D-AD15-9173E6709439}.Release|Any CPU.Build.0 = Release|Any CPU
		{95ABDE3B-AADE-459D-AD15-9173E6709439}.Release|ARM.ActiveCfg = Release|Any CPU
		{95ABDE3B-AADE-459D-AD15-9173E6709439}.Release|ARM.Build.0 = Release|Any CPU
		{95ABDE3B-AADE-459D-AD15-9173E6709439}.Release|ARM64.ActiveCfg = Release|Any CPU
		{95ABDE3B-AADE-459D-AD15-9173E6709439}.Release|ARM64.Build.0 = Release|Any CPU
		{95ABDE3B-AADE-459D-AD15-9173E6709439}.Release|x64.ActiveCfg = Release|Any CPU
		{95ABDE3B-AADE-459D-AD15-9173E6709439}.Release|x64.Build.0 = Release|Any CPU
		{95ABDE3B-AADE-459D-AD15-9173E6709439}.Release|x86.ActiveCfg = Release|Any CPU
		{95ABDE3B-AADE-459D-AD15-9173E6709439}.Release|x86.Build.0 = Release|Any CPU
		{C82DB8F2-98AB-477D-8BC8-0BA9D947BA40}.Debug|Any CPU.ActiveCfg = Debug|Any CPU
		{C82DB8F2-98AB-477D-8BC8-0BA9D947BA40}.Debug|Any CPU.Build.0 = Debug|Any CPU
		{C82DB8F2-98AB-477D-8BC8-0BA9D947BA40}.Debug|ARM.ActiveCfg = Debug|Any CPU
		{C82DB8F2-98AB-477D-8BC8-0BA9D947BA40}.Debug|ARM.Build.0 = Debug|Any CPU
		{C82DB8F2-98AB-477D-8BC8-0BA9D947BA40}.Debug|ARM64.ActiveCfg = Debug|Any CPU
		{C82DB8F2-98AB-477D-8BC8-0BA9D947BA40}.Debug|ARM64.Build.0 = Debug|Any CPU
		{C82DB8F2-98AB-477D-8BC8-0BA9D947BA40}.Debug|x64.ActiveCfg = Debug|Any CPU
		{C82DB8F2-98AB-477D-8BC8-0BA9D947BA40}.Debug|x64.Build.0 = Debug|Any CPU
		{C82DB8F2-98AB-477D-8BC8-0BA9D947BA40}.Debug|x86.ActiveCfg = Debug|Any CPU
		{C82DB8F2-98AB-477D-8BC8-0BA9D947BA40}.Debug|x86.Build.0 = Debug|Any CPU
		{C82DB8F2-98AB-477D-8BC8-0BA9D947BA40}.Release|Any CPU.ActiveCfg = Release|Any CPU
		{C82DB8F2-98AB-477D-8BC8-0BA9D947BA40}.Release|Any CPU.Build.0 = Release|Any CPU
		{C82DB8F2-98AB-477D-8BC8-0BA9D947BA40}.Release|ARM.ActiveCfg = Release|Any CPU
		{C82DB8F2-98AB-477D-8BC8-0BA9D947BA40}.Release|ARM.Build.0 = Release|Any CPU
		{C82DB8F2-98AB-477D-8BC8-0BA9D947BA40}.Release|ARM64.ActiveCfg = Release|Any CPU
		{C82DB8F2-98AB-477D-8BC8-0BA9D947BA40}.Release|ARM64.Build.0 = Release|Any CPU
		{C82DB8F2-98AB-477D-8BC8-0BA9D947BA40}.Release|x64.ActiveCfg = Release|Any CPU
		{C82DB8F2-98AB-477D-8BC8-0BA9D947BA40}.Release|x64.Build.0 = Release|Any CPU
		{C82DB8F2-98AB-477D-8BC8-0BA9D947BA40}.Release|x86.ActiveCfg = Release|Any CPU
		{C82DB8F2-98AB-477D-8BC8-0BA9D947BA40}.Release|x86.Build.0 = Release|Any CPU
		{B8387AA0-FDFD-4E97-8629-E2FE87DFC3C2}.Debug|Any CPU.ActiveCfg = Debug|Any CPU
		{B8387AA0-FDFD-4E97-8629-E2FE87DFC3C2}.Debug|Any CPU.Build.0 = Debug|Any CPU
		{B8387AA0-FDFD-4E97-8629-E2FE87DFC3C2}.Debug|ARM.ActiveCfg = Debug|Any CPU
		{B8387AA0-FDFD-4E97-8629-E2FE87DFC3C2}.Debug|ARM.Build.0 = Debug|Any CPU
		{B8387AA0-FDFD-4E97-8629-E2FE87DFC3C2}.Debug|ARM64.ActiveCfg = Debug|Any CPU
		{B8387AA0-FDFD-4E97-8629-E2FE87DFC3C2}.Debug|ARM64.Build.0 = Debug|Any CPU
		{B8387AA0-FDFD-4E97-8629-E2FE87DFC3C2}.Debug|x64.ActiveCfg = Debug|Any CPU
		{B8387AA0-FDFD-4E97-8629-E2FE87DFC3C2}.Debug|x64.Build.0 = Debug|Any CPU
		{B8387AA0-FDFD-4E97-8629-E2FE87DFC3C2}.Debug|x86.ActiveCfg = Debug|Any CPU
		{B8387AA0-FDFD-4E97-8629-E2FE87DFC3C2}.Debug|x86.Build.0 = Debug|Any CPU
		{B8387AA0-FDFD-4E97-8629-E2FE87DFC3C2}.Release|Any CPU.ActiveCfg = Release|Any CPU
		{B8387AA0-FDFD-4E97-8629-E2FE87DFC3C2}.Release|Any CPU.Build.0 = Release|Any CPU
		{B8387AA0-FDFD-4E97-8629-E2FE87DFC3C2}.Release|ARM.ActiveCfg = Release|Any CPU
		{B8387AA0-FDFD-4E97-8629-E2FE87DFC3C2}.Release|ARM.Build.0 = Release|Any CPU
		{B8387AA0-FDFD-4E97-8629-E2FE87DFC3C2}.Release|ARM64.ActiveCfg = Release|Any CPU
		{B8387AA0-FDFD-4E97-8629-E2FE87DFC3C2}.Release|ARM64.Build.0 = Release|Any CPU
		{B8387AA0-FDFD-4E97-8629-E2FE87DFC3C2}.Release|x64.ActiveCfg = Release|Any CPU
		{B8387AA0-FDFD-4E97-8629-E2FE87DFC3C2}.Release|x64.Build.0 = Release|Any CPU
		{B8387AA0-FDFD-4E97-8629-E2FE87DFC3C2}.Release|x86.ActiveCfg = Release|Any CPU
		{B8387AA0-FDFD-4E97-8629-E2FE87DFC3C2}.Release|x86.Build.0 = Release|Any CPU
		{92A1069C-B051-4900-9E1A-65F7288B9AFE}.Debug|Any CPU.ActiveCfg = Debug|Any CPU
		{92A1069C-B051-4900-9E1A-65F7288B9AFE}.Debug|Any CPU.Build.0 = Debug|Any CPU
		{92A1069C-B051-4900-9E1A-65F7288B9AFE}.Debug|ARM.ActiveCfg = Debug|Any CPU
		{92A1069C-B051-4900-9E1A-65F7288B9AFE}.Debug|ARM.Build.0 = Debug|Any CPU
		{92A1069C-B051-4900-9E1A-65F7288B9AFE}.Debug|ARM64.ActiveCfg = Debug|Any CPU
		{92A1069C-B051-4900-9E1A-65F7288B9AFE}.Debug|ARM64.Build.0 = Debug|Any CPU
		{92A1069C-B051-4900-9E1A-65F7288B9AFE}.Debug|x64.ActiveCfg = Debug|Any CPU
		{92A1069C-B051-4900-9E1A-65F7288B9AFE}.Debug|x64.Build.0 = Debug|Any CPU
		{92A1069C-B051-4900-9E1A-65F7288B9AFE}.Debug|x86.ActiveCfg = Debug|Any CPU
		{92A1069C-B051-4900-9E1A-65F7288B9AFE}.Debug|x86.Build.0 = Debug|Any CPU
		{92A1069C-B051-4900-9E1A-65F7288B9AFE}.Release|Any CPU.ActiveCfg = Release|Any CPU
		{92A1069C-B051-4900-9E1A-65F7288B9AFE}.Release|Any CPU.Build.0 = Release|Any CPU
		{92A1069C-B051-4900-9E1A-65F7288B9AFE}.Release|ARM.ActiveCfg = Release|Any CPU
		{92A1069C-B051-4900-9E1A-65F7288B9AFE}.Release|ARM.Build.0 = Release|Any CPU
		{92A1069C-B051-4900-9E1A-65F7288B9AFE}.Release|ARM64.ActiveCfg = Release|Any CPU
		{92A1069C-B051-4900-9E1A-65F7288B9AFE}.Release|ARM64.Build.0 = Release|Any CPU
		{92A1069C-B051-4900-9E1A-65F7288B9AFE}.Release|x64.ActiveCfg = Release|Any CPU
		{92A1069C-B051-4900-9E1A-65F7288B9AFE}.Release|x64.Build.0 = Release|Any CPU
		{92A1069C-B051-4900-9E1A-65F7288B9AFE}.Release|x86.ActiveCfg = Release|Any CPU
		{92A1069C-B051-4900-9E1A-65F7288B9AFE}.Release|x86.Build.0 = Release|Any CPU
		{164E7965-CD71-4D92-BB32-261BD79A6459}.Debug|Any CPU.ActiveCfg = Debug|Any CPU
		{164E7965-CD71-4D92-BB32-261BD79A6459}.Debug|Any CPU.Build.0 = Debug|Any CPU
		{164E7965-CD71-4D92-BB32-261BD79A6459}.Debug|ARM.ActiveCfg = Debug|Any CPU
		{164E7965-CD71-4D92-BB32-261BD79A6459}.Debug|ARM.Build.0 = Debug|Any CPU
		{164E7965-CD71-4D92-BB32-261BD79A6459}.Debug|ARM64.ActiveCfg = Debug|Any CPU
		{164E7965-CD71-4D92-BB32-261BD79A6459}.Debug|ARM64.Build.0 = Debug|Any CPU
		{164E7965-CD71-4D92-BB32-261BD79A6459}.Debug|x64.ActiveCfg = Debug|Any CPU
		{164E7965-CD71-4D92-BB32-261BD79A6459}.Debug|x64.Build.0 = Debug|Any CPU
		{164E7965-CD71-4D92-BB32-261BD79A6459}.Debug|x86.ActiveCfg = Debug|Any CPU
		{164E7965-CD71-4D92-BB32-261BD79A6459}.Debug|x86.Build.0 = Debug|Any CPU
		{164E7965-CD71-4D92-BB32-261BD79A6459}.Release|Any CPU.ActiveCfg = Release|Any CPU
		{164E7965-CD71-4D92-BB32-261BD79A6459}.Release|Any CPU.Build.0 = Release|Any CPU
		{164E7965-CD71-4D92-BB32-261BD79A6459}.Release|ARM.ActiveCfg = Release|Any CPU
		{164E7965-CD71-4D92-BB32-261BD79A6459}.Release|ARM.Build.0 = Release|Any CPU
		{164E7965-CD71-4D92-BB32-261BD79A6459}.Release|ARM64.ActiveCfg = Release|Any CPU
		{164E7965-CD71-4D92-BB32-261BD79A6459}.Release|ARM64.Build.0 = Release|Any CPU
		{164E7965-CD71-4D92-BB32-261BD79A6459}.Release|x64.ActiveCfg = Release|Any CPU
		{164E7965-CD71-4D92-BB32-261BD79A6459}.Release|x64.Build.0 = Release|Any CPU
		{164E7965-CD71-4D92-BB32-261BD79A6459}.Release|x86.ActiveCfg = Release|Any CPU
		{164E7965-CD71-4D92-BB32-261BD79A6459}.Release|x86.Build.0 = Release|Any CPU
		{8E99D4F0-E5C7-4F95-9D40-5BE4512B9251}.Debug|Any CPU.ActiveCfg = Debug|Any CPU
		{8E99D4F0-E5C7-4F95-9D40-5BE4512B9251}.Debug|Any CPU.Build.0 = Debug|Any CPU
		{8E99D4F0-E5C7-4F95-9D40-5BE4512B9251}.Debug|ARM.ActiveCfg = Debug|Any CPU
		{8E99D4F0-E5C7-4F95-9D40-5BE4512B9251}.Debug|ARM.Build.0 = Debug|Any CPU
		{8E99D4F0-E5C7-4F95-9D40-5BE4512B9251}.Debug|ARM64.ActiveCfg = Debug|Any CPU
		{8E99D4F0-E5C7-4F95-9D40-5BE4512B9251}.Debug|ARM64.Build.0 = Debug|Any CPU
		{8E99D4F0-E5C7-4F95-9D40-5BE4512B9251}.Debug|x64.ActiveCfg = Debug|Any CPU
		{8E99D4F0-E5C7-4F95-9D40-5BE4512B9251}.Debug|x64.Build.0 = Debug|Any CPU
		{8E99D4F0-E5C7-4F95-9D40-5BE4512B9251}.Debug|x86.ActiveCfg = Debug|Any CPU
		{8E99D4F0-E5C7-4F95-9D40-5BE4512B9251}.Debug|x86.Build.0 = Debug|Any CPU
		{8E99D4F0-E5C7-4F95-9D40-5BE4512B9251}.Release|Any CPU.ActiveCfg = Release|Any CPU
		{8E99D4F0-E5C7-4F95-9D40-5BE4512B9251}.Release|Any CPU.Build.0 = Release|Any CPU
		{8E99D4F0-E5C7-4F95-9D40-5BE4512B9251}.Release|ARM.ActiveCfg = Release|Any CPU
		{8E99D4F0-E5C7-4F95-9D40-5BE4512B9251}.Release|ARM.Build.0 = Release|Any CPU
		{8E99D4F0-E5C7-4F95-9D40-5BE4512B9251}.Release|ARM64.ActiveCfg = Release|Any CPU
		{8E99D4F0-E5C7-4F95-9D40-5BE4512B9251}.Release|ARM64.Build.0 = Release|Any CPU
		{8E99D4F0-E5C7-4F95-9D40-5BE4512B9251}.Release|x64.ActiveCfg = Release|Any CPU
		{8E99D4F0-E5C7-4F95-9D40-5BE4512B9251}.Release|x64.Build.0 = Release|Any CPU
		{8E99D4F0-E5C7-4F95-9D40-5BE4512B9251}.Release|x86.ActiveCfg = Release|Any CPU
		{8E99D4F0-E5C7-4F95-9D40-5BE4512B9251}.Release|x86.Build.0 = Release|Any CPU
		{060E4BE2-1215-4985-9B8C-1A6195D15872}.Debug|Any CPU.ActiveCfg = Debug|Any CPU
		{060E4BE2-1215-4985-9B8C-1A6195D15872}.Debug|Any CPU.Build.0 = Debug|Any CPU
		{060E4BE2-1215-4985-9B8C-1A6195D15872}.Debug|ARM.ActiveCfg = Debug|Any CPU
		{060E4BE2-1215-4985-9B8C-1A6195D15872}.Debug|ARM.Build.0 = Debug|Any CPU
		{060E4BE2-1215-4985-9B8C-1A6195D15872}.Debug|ARM64.ActiveCfg = Debug|Any CPU
		{060E4BE2-1215-4985-9B8C-1A6195D15872}.Debug|ARM64.Build.0 = Debug|Any CPU
		{060E4BE2-1215-4985-9B8C-1A6195D15872}.Debug|x64.ActiveCfg = Debug|Any CPU
		{060E4BE2-1215-4985-9B8C-1A6195D15872}.Debug|x64.Build.0 = Debug|Any CPU
		{060E4BE2-1215-4985-9B8C-1A6195D15872}.Debug|x86.ActiveCfg = Debug|Any CPU
		{060E4BE2-1215-4985-9B8C-1A6195D15872}.Debug|x86.Build.0 = Debug|Any CPU
		{060E4BE2-1215-4985-9B8C-1A6195D15872}.Release|Any CPU.ActiveCfg = Release|Any CPU
		{060E4BE2-1215-4985-9B8C-1A6195D15872}.Release|Any CPU.Build.0 = Release|Any CPU
		{060E4BE2-1215-4985-9B8C-1A6195D15872}.Release|ARM.ActiveCfg = Release|Any CPU
		{060E4BE2-1215-4985-9B8C-1A6195D15872}.Release|ARM.Build.0 = Release|Any CPU
		{060E4BE2-1215-4985-9B8C-1A6195D15872}.Release|ARM64.ActiveCfg = Release|Any CPU
		{060E4BE2-1215-4985-9B8C-1A6195D15872}.Release|ARM64.Build.0 = Release|Any CPU
		{060E4BE2-1215-4985-9B8C-1A6195D15872}.Release|x64.ActiveCfg = Release|Any CPU
		{060E4BE2-1215-4985-9B8C-1A6195D15872}.Release|x64.Build.0 = Release|Any CPU
		{060E4BE2-1215-4985-9B8C-1A6195D15872}.Release|x86.ActiveCfg = Release|Any CPU
		{060E4BE2-1215-4985-9B8C-1A6195D15872}.Release|x86.Build.0 = Release|Any CPU
	EndGlobalSection
	GlobalSection(SolutionProperties) = preSolution
		HideSolutionNode = FALSE
	EndGlobalSection
	GlobalSection(ExtensibilityGlobals) = postSolution
		SolutionGuid = {BC23C04F-F3B6-4213-B975-A9199AC2E71B}
	EndGlobalSection
EndGlobal
